// !$*UTF8*$!
{
	archiveVersion = 1;
	classes = {
	};
	objectVersion = 77;
	objects = {

/* Begin PBXBuildFile section */
		033FA480DF4A80E6F24261D9 /* IronmeshFileProviderConnectionService.swift in Sources */ = {isa = PBXBuildFile; fileRef = 5DCD2A1B89C7EC9FF09E436A /* IronmeshFileProviderConnectionService.swift */; };
		082E983DBE4DD0A288B7E0B2 /* IronmeshMacApp.swift in Sources */ = {isa = PBXBuildFile; fileRef = B9E696F4C80404E103A51256 /* IronmeshMacApp.swift */; };
		08E716AF213E2FB823592D58 /* IronmeshFileProviderRuntimeSupport.swift in Sources */ = {isa = PBXBuildFile; fileRef = A4A19B32096F78A0D540CACC /* IronmeshFileProviderRuntimeSupport.swift */; };
		09176176A1A35D7D95E20B12 /* IronmeshIosProjectTests.swift in Sources */ = {isa = PBXBuildFile; fileRef = A36A32CA7808E8CC71993FEC /* IronmeshIosProjectTests.swift */; };
		0BC42E8828E7FB463CEA0761 /* FileProvider.framework in Frameworks */ = {isa = PBXBuildFile; fileRef = EC4454FA337C8FA97EBDD917 /* FileProvider.framework */; };
		0DBC3C31113B92CB3CFE0EFD /* UniformTypeIdentifiers.framework in Frameworks */ = {isa = PBXBuildFile; fileRef = A44D70CA4793C78C57CC5D19 /* UniformTypeIdentifiers.framework */; };
		0E5FE19377CD8FDF125AAE42 /* IronmeshFileProviderItem.swift in Sources */ = {isa = PBXBuildFile; fileRef = E669C9817685097A05F1EA4C /* IronmeshFileProviderItem.swift */; };
		0F18AADE91E7CAB785BCB7F5 /* IronmeshFileProviderConnectionService.swift in Sources */ = {isa = PBXBuildFile; fileRef = 5DCD2A1B89C7EC9FF09E436A /* IronmeshFileProviderConnectionService.swift */; };
		11B6ED71556A64B00280AC5E /* IronmeshFileProviderConnectionService.swift in Sources */ = {isa = PBXBuildFile; fileRef = 5DCD2A1B89C7EC9FF09E436A /* IronmeshFileProviderConnectionService.swift */; };
		1596A1C38F950315CB507483 /* AVFoundation.framework in Frameworks */ = {isa = PBXBuildFile; fileRef = 220FA7A03D50518BD537F1CB /* AVFoundation.framework */; };
		1A8E87AEBF648C0E949F24EE /* IronmeshIdentifierPathCache.swift in Sources */ = {isa = PBXBuildFile; fileRef = CC064A6A2AC06203AE0B3854 /* IronmeshIdentifierPathCache.swift */; };
		1E2E69BD1A65E53A91CB1EFE /* IronmeshSyncAnchorCodec.swift in Sources */ = {isa = PBXBuildFile; fileRef = 792F216BC5734E380B8D639B /* IronmeshSyncAnchorCodec.swift */; };
		1EDB771D9C09AB528C3E97A7 /* IronmeshFileProviderMutationService.swift in Sources */ = {isa = PBXBuildFile; fileRef = 41445F644F4604684C2EF8C8 /* IronmeshFileProviderMutationService.swift */; };
		1F12A9A2FED5E58DE11EFDDD /* IronmeshIdentifierPathCache.swift in Sources */ = {isa = PBXBuildFile; fileRef = CC064A6A2AC06203AE0B3854 /* IronmeshIdentifierPathCache.swift */; };
		1F289BAE99E359A43B97B771 /* Network.framework in Frameworks */ = {isa = PBXBuildFile; fileRef = 6DED46198314AD32D59D4EEE /* Network.framework */; };
		1F30F9EE22B86F396DAEA0DF /* IronmeshFileProviderRuntime.swift in Sources */ = {isa = PBXBuildFile; fileRef = F89BB0FEE78E57EA6B128404 /* IronmeshFileProviderRuntime.swift */; };
		21E9C2712F293E5C249D8C3E /* IronmeshFileProviderExtensionHost.swift in Sources */ = {isa = PBXBuildFile; fileRef = 1A9A6BE8EA898EC7D430B25C /* IronmeshFileProviderExtensionHost.swift */; };
		27A5FFB82850B7BD3A74B1FA /* IronmeshFileProviderReadService.swift in Sources */ = {isa = PBXBuildFile; fileRef = 9DE242824A78C12FCE941041 /* IronmeshFileProviderReadService.swift */; };
		2E47B7E3A1EC24B17639E56D /* IronmeshFileProviderEnumerator.swift in Sources */ = {isa = PBXBuildFile; fileRef = 9EAEDFCD6573C0E56F75AD1D /* IronmeshFileProviderEnumerator.swift */; };
		2F0BF924B0A6486D54FC974E /* IronmeshFileProviderSyncRuntime.swift in Sources */ = {isa = PBXBuildFile; fileRef = 8A1A4DEFA588B8859D393E5A /* IronmeshFileProviderSyncRuntime.swift */; };
		3652E85986B596D16D33CB7D /* IronmeshFileProviderEnumerator.swift in Sources */ = {isa = PBXBuildFile; fileRef = 9EAEDFCD6573C0E56F75AD1D /* IronmeshFileProviderEnumerator.swift */; };
		3812238F70057C449AA7B2B0 /* IronmeshFileProviderConflictService.swift in Sources */ = {isa = PBXBuildFile; fileRef = 6DD0D96D60F5C1E603B708FB /* IronmeshFileProviderConflictService.swift */; };
		3CE9B7BE02A592262B6F2A81 /* IronmeshFileProviderRuntimeSupport.swift in Sources */ = {isa = PBXBuildFile; fileRef = A4A19B32096F78A0D540CACC /* IronmeshFileProviderRuntimeSupport.swift */; };
		3ECD32BAAD7E1074A209E6A9 /* IronmeshAppleProjectTests.swift in Sources */ = {isa = PBXBuildFile; fileRef = F7920A3DC35240252C623BC7 /* IronmeshAppleProjectTests.swift */; };
		4197B1B83913504F532D511F /* IronmeshFileProviderReadService.swift in Sources */ = {isa = PBXBuildFile; fileRef = 9DE242824A78C12FCE941041 /* IronmeshFileProviderReadService.swift */; };
		435D0CA69066D5924C792779 /* IronmeshFileProviderService.swift in Sources */ = {isa = PBXBuildFile; fileRef = 6C8998582382E6AF8D8680D1 /* IronmeshFileProviderService.swift */; };
		43C79B50B668310E1E948E7A /* IronmeshIosFileProviderExtension.appex in Embed Foundation Extensions */ = {isa = PBXBuildFile; fileRef = D65743C5EC88BC86B9CCD14F /* IronmeshIosFileProviderExtension.appex */; settings = {ATTRIBUTES = (RemoveHeadersOnCopy, ); }; };
		442364943CDE6754986E4951 /* IronmeshFileProviderLookupService.swift in Sources */ = {isa = PBXBuildFile; fileRef = A6C4CDC5E768B56A87C001C4 /* IronmeshFileProviderLookupService.swift */; };
		4C9B2B93D3EF1DDA5309B64C /* IronmeshGalleryModel.swift in Sources */ = {isa = PBXBuildFile; fileRef = EBB0FEF4247443AA0C0D393D /* IronmeshGalleryModel.swift */; };
		4F22E831A0BEF874230F1044 /* IronmeshFileProviderReadService.swift in Sources */ = {isa = PBXBuildFile; fileRef = 9DE242824A78C12FCE941041 /* IronmeshFileProviderReadService.swift */; };
		50D1573E018F1F112D40ED86 /* IronmeshFileProviderService.swift in Sources */ = {isa = PBXBuildFile; fileRef = 6C8998582382E6AF8D8680D1 /* IronmeshFileProviderService.swift */; };
		51BAF01273A3A345A54851B0 /* IronmeshFileProviderRuntimeSupport.swift in Sources */ = {isa = PBXBuildFile; fileRef = A4A19B32096F78A0D540CACC /* IronmeshFileProviderRuntimeSupport.swift */; };
		52B068416C957652A221862F /* IronmeshFileProviderMutationService.swift in Sources */ = {isa = PBXBuildFile; fileRef = 41445F644F4604684C2EF8C8 /* IronmeshFileProviderMutationService.swift */; };
		5325406375A4DA8E66293157 /* IronmeshRustFFIAdapter.swift in Sources */ = {isa = PBXBuildFile; fileRef = C0FA8B4BC4DABA6189BBC74A /* IronmeshRustFFIAdapter.swift */; };
		5392619423EF7380FFA0BA73 /* IronmeshBrowserModel.swift in Sources */ = {isa = PBXBuildFile; fileRef = A13094E341F56B086D44DEDB /* IronmeshBrowserModel.swift */; };
		5AA87421C5EE2962F1348EEC /* IronmeshRustFFIAdapter.swift in Sources */ = {isa = PBXBuildFile; fileRef = C0FA8B4BC4DABA6189BBC74A /* IronmeshRustFFIAdapter.swift */; };
		5B1FCE6BC32843D4F5EFBBFF /* IronmeshBrowserModel.swift in Sources */ = {isa = PBXBuildFile; fileRef = A13094E341F56B086D44DEDB /* IronmeshBrowserModel.swift */; };
		5F9F92673599603F7B4FA94E /* IronmeshFileProviderService.swift in Sources */ = {isa = PBXBuildFile; fileRef = 6C8998582382E6AF8D8680D1 /* IronmeshFileProviderService.swift */; };
		61DE2DC4A82685AF6F6554D2 /* IronmeshGalleryModel.swift in Sources */ = {isa = PBXBuildFile; fileRef = EBB0FEF4247443AA0C0D393D /* IronmeshGalleryModel.swift */; };
		6221144F7C8633273DCB8805 /* IronmeshIosApp.swift in Sources */ = {isa = PBXBuildFile; fileRef = 6ED16406A1BE1EDF63710436 /* IronmeshIosApp.swift */; };
		63380B5E6141E9E28F67CD07 /* FileProvider.framework in Frameworks */ = {isa = PBXBuildFile; fileRef = EC4454FA337C8FA97EBDD917 /* FileProvider.framework */; };
		65453585D6DB3706C758A37C /* IronmeshIdentifierPathCache.swift in Sources */ = {isa = PBXBuildFile; fileRef = CC064A6A2AC06203AE0B3854 /* IronmeshIdentifierPathCache.swift */; };
		67D608DE778EEB1DD66BA2CA /* IronmeshFileProviderConflictService.swift in Sources */ = {isa = PBXBuildFile; fileRef = 6DD0D96D60F5C1E603B708FB /* IronmeshFileProviderConflictService.swift */; };
		6960DA8C2DA00DDF7ED65525 /* IronmeshFileProviderExtensionReadHost.swift in Sources */ = {isa = PBXBuildFile; fileRef = C3AC8A2D308A04A831319F14 /* IronmeshFileProviderExtensionReadHost.swift */; };
		6BFE22DE8E310C164FEB9842 /* IronmeshFileProviderExtensionHost.swift in Sources */ = {isa = PBXBuildFile; fileRef = 1A9A6BE8EA898EC7D430B25C /* IronmeshFileProviderExtensionHost.swift */; };
		6C13F572A208AD915911CB47 /* IronmeshFileProviderRuntimeSupport.swift in Sources */ = {isa = PBXBuildFile; fileRef = A4A19B32096F78A0D540CACC /* IronmeshFileProviderRuntimeSupport.swift */; };
		6F3E03595FD2D97919630E3B /* AppleFileProviderShared in Frameworks */ = {isa = PBXBuildFile; productRef = 87FF1F26324D7E04DF57D36E /* AppleFileProviderShared */; };
		70997E3B270AA2CD91D71B3F /* IronmeshSyncAnchorCodec.swift in Sources */ = {isa = PBXBuildFile; fileRef = 792F216BC5734E380B8D639B /* IronmeshSyncAnchorCodec.swift */; };
		70A038B8E6E1917924173FD8 /* IronmeshWorkingSetSignalCoordinator.swift in Sources */ = {isa = PBXBuildFile; fileRef = C7EA0BE16142BA4ABE0700C6 /* IronmeshWorkingSetSignalCoordinator.swift */; };
		71AE453247F18B2C6C8A3FD4 /* AppleFileProviderShared in Frameworks */ = {isa = PBXBuildFile; productRef = 4CADBC90D590EDBD274936BB /* AppleFileProviderShared */; };
		71CC3C788521C55110FEC7F2 /* IronmeshFileProviderLookupService.swift in Sources */ = {isa = PBXBuildFile; fileRef = A6C4CDC5E768B56A87C001C4 /* IronmeshFileProviderLookupService.swift */; };
		7338228AFCA582F92DE83DE8 /* AppleCore in Frameworks */ = {isa = PBXBuildFile; productRef = 3B0EAA0A0E8449F387555CF7 /* AppleCore */; };
		73AB93ED2F8EDD1659E92CB7 /* IronmeshFileProviderItem.swift in Sources */ = {isa = PBXBuildFile; fileRef = E669C9817685097A05F1EA4C /* IronmeshFileProviderItem.swift */; };
		764107B1DD7C2FF34E56FE6C /* IronmeshFileProviderMutationService.swift in Sources */ = {isa = PBXBuildFile; fileRef = 41445F644F4604684C2EF8C8 /* IronmeshFileProviderMutationService.swift */; };
		7C3AA36AE5D9679A105E1686 /* IronmeshWorkingSetSignalCoordinator.swift in Sources */ = {isa = PBXBuildFile; fileRef = C7EA0BE16142BA4ABE0700C6 /* IronmeshWorkingSetSignalCoordinator.swift */; };
		81832537D853D978072D3C62 /* AppleFileProviderShared in Frameworks */ = {isa = PBXBuildFile; productRef = 27724ACE6FAA8F9BBB92D194 /* AppleFileProviderShared */; };
		84B5410C166A55EF1D7143FB /* IronmeshFileProviderSyncRuntime.swift in Sources */ = {isa = PBXBuildFile; fileRef = 8A1A4DEFA588B8859D393E5A /* IronmeshFileProviderSyncRuntime.swift */; };
		8BB7E92B717F247AC803FF2F /* AppleCore in Frameworks */ = {isa = PBXBuildFile; productRef = 036A193B5DAC68469095CE5A /* AppleCore */; };
		8E3B91407FEE58B371BDCA83 /* SystemConfiguration.framework in Frameworks */ = {isa = PBXBuildFile; fileRef = 490DDF2FBD041940B88BC453 /* SystemConfiguration.framework */; };
		9782220FB3499AA0A882D4BC /* IronmeshFileProviderLookupService.swift in Sources */ = {isa = PBXBuildFile; fileRef = A6C4CDC5E768B56A87C001C4 /* IronmeshFileProviderLookupService.swift */; };
		98957DAEF45FB9170691016A /* IronmeshFileProviderRuntime.swift in Sources */ = {isa = PBXBuildFile; fileRef = F89BB0FEE78E57EA6B128404 /* IronmeshFileProviderRuntime.swift */; };
		9937DD5D5A6AEBD58A6F5689 /* IronmeshFileProviderRuntime.swift in Sources */ = {isa = PBXBuildFile; fileRef = F89BB0FEE78E57EA6B128404 /* IronmeshFileProviderRuntime.swift */; };
		9AD8E45837318E90D1A18CAE /* IronmeshFileProviderExtensionReadHost.swift in Sources */ = {isa = PBXBuildFile; fileRef = C3AC8A2D308A04A831319F14 /* IronmeshFileProviderExtensionReadHost.swift */; };
		9B961AE315786144FC48A2A1 /* IronmeshFileProviderExtensionMutationHost.swift in Sources */ = {isa = PBXBuildFile; fileRef = 9C871EFA8FFA39346B9520B9 /* IronmeshFileProviderExtensionMutationHost.swift */; };
		9E39367F085BA49D4281F19D /* IronmeshWorkingSetSignalCoordinator.swift in Sources */ = {isa = PBXBuildFile; fileRef = C7EA0BE16142BA4ABE0700C6 /* IronmeshWorkingSetSignalCoordinator.swift */; };
		A0B22A2A394BE923D17632AD /* IronmeshFileProviderExtensionReadHost.swift in Sources */ = {isa = PBXBuildFile; fileRef = C3AC8A2D308A04A831319F14 /* IronmeshFileProviderExtensionReadHost.swift */; };
		A62E2A94F79F4C586D00C090 /* IronmeshFileProviderExtensionMutationHost.swift in Sources */ = {isa = PBXBuildFile; fileRef = 9C871EFA8FFA39346B9520B9 /* IronmeshFileProviderExtensionMutationHost.swift */; };
		A78C067EB050352B1D6E68C4 /* IronmeshFileProviderExtensionHost.swift in Sources */ = {isa = PBXBuildFile; fileRef = 1A9A6BE8EA898EC7D430B25C /* IronmeshFileProviderExtensionHost.swift */; };
		A7DED56C1664CF0C39FA227C /* IronmeshFileProviderItem.swift in Sources */ = {isa = PBXBuildFile; fileRef = E669C9817685097A05F1EA4C /* IronmeshFileProviderItem.swift */; };
		A8F8240A7C3C6E6CA4DA5EA5 /* IronmeshSyncProfilesView.swift in Sources */ = {isa = PBXBuildFile; fileRef = 9D5ABE42C4A88C9F432EAB30 /* IronmeshSyncProfilesView.swift */; };
		AA84793D4F184A7BEA919B8D /* IronmeshFileProviderConflictService.swift in Sources */ = {isa = PBXBuildFile; fileRef = 6DD0D96D60F5C1E603B708FB /* IronmeshFileProviderConflictService.swift */; };
		AA8D440478B23CB57200B604 /* IronmeshFileProviderMutationService.swift in Sources */ = {isa = PBXBuildFile; fileRef = 41445F644F4604684C2EF8C8 /* IronmeshFileProviderMutationService.swift */; };
		AB76E22ACD480D5D494CCBF5 /* IronmeshSyncAnchorCodec.swift in Sources */ = {isa = PBXBuildFile; fileRef = 792F216BC5734E380B8D639B /* IronmeshSyncAnchorCodec.swift */; };
		AB81FE36B1A8884EB22E1A2C /* IronmeshGalleryView.swift in Sources */ = {isa = PBXBuildFile; fileRef = CAE325C40BA870C788A02A49 /* IronmeshGalleryView.swift */; };
		B02D3B50AA4DD0A74EA7EF64 /* IronmeshIdentifierPathCache.swift in Sources */ = {isa = PBXBuildFile; fileRef = CC064A6A2AC06203AE0B3854 /* IronmeshIdentifierPathCache.swift */; };
		B1CEF3BBBCCA99EB5A2C2F17 /* AppleFileProviderShared in Frameworks */ = {isa = PBXBuildFile; productRef = 648AE487A41AA72E53A73C09 /* AppleFileProviderShared */; };
		B34CFEFE0F3CACD159AFC871 /* AppleCore in Frameworks */ = {isa = PBXBuildFile; productRef = D4758290C2F46CB307E07F32 /* AppleCore */; };
		B36DE238EE6B5D64A18A7FB8 /* AppleCore in Frameworks */ = {isa = PBXBuildFile; productRef = 610C745899D565B8093E9493 /* AppleCore */; };
		B3F11CA585F799C5462742AF /* IronmeshSyncAnchorCodec.swift in Sources */ = {isa = PBXBuildFile; fileRef = 792F216BC5734E380B8D639B /* IronmeshSyncAnchorCodec.swift */; };
		B4332A6B3C4FF1837B6E1B5A /* IronmeshFileProviderReadService.swift in Sources */ = {isa = PBXBuildFile; fileRef = 9DE242824A78C12FCE941041 /* IronmeshFileProviderReadService.swift */; };
		B4ACE0699544E9E161E93BF7 /* IronmeshWorkingSetSignalCoordinator.swift in Sources */ = {isa = PBXBuildFile; fileRef = C7EA0BE16142BA4ABE0700C6 /* IronmeshWorkingSetSignalCoordinator.swift */; };
		B505F1987180B3B81BAFD838 /* IronmeshFileProviderConflictService.swift in Sources */ = {isa = PBXBuildFile; fileRef = 6DD0D96D60F5C1E603B708FB /* IronmeshFileProviderConflictService.swift */; };
		BBE371367C8853578B16C056 /* Network.framework in Frameworks */ = {isa = PBXBuildFile; fileRef = 6DED46198314AD32D59D4EEE /* Network.framework */; };
		BC573F3331A869B6230804E1 /* IronmeshFileProviderExtensionReadHost.swift in Sources */ = {isa = PBXBuildFile; fileRef = C3AC8A2D308A04A831319F14 /* IronmeshFileProviderExtensionReadHost.swift */; };
		BD69388C688129F3E278CF1C /* AppleFileProviderShared in Frameworks */ = {isa = PBXBuildFile; productRef = F0BA5FE65065A174670816F1 /* AppleFileProviderShared */; };
		C6A90019EACA58A228F56027 /* IronmeshFileProviderService.swift in Sources */ = {isa = PBXBuildFile; fileRef = 6C8998582382E6AF8D8680D1 /* IronmeshFileProviderService.swift */; };
		C6AA101E4103A45EE21D1EE1 /* FileProvider.framework in Frameworks */ = {isa = PBXBuildFile; fileRef = EC4454FA337C8FA97EBDD917 /* FileProvider.framework */; };
		C6EC8D0848B7E4A66A05D61B /* AppleFileProviderShared in Frameworks */ = {isa = PBXBuildFile; productRef = D3D93B20FE0A9294021D714C /* AppleFileProviderShared */; };
		CBE7EAED3C09B6F2403AFD28 /* IronmeshIosFileProviderExtension.swift in Sources */ = {isa = PBXBuildFile; fileRef = A7E9C7CA35FBD3948776E0AF /* IronmeshIosFileProviderExtension.swift */; };
		CCEA254D25DFFA0674CEB1B8 /* IronmeshFileProviderSyncRuntime.swift in Sources */ = {isa = PBXBuildFile; fileRef = 8A1A4DEFA588B8859D393E5A /* IronmeshFileProviderSyncRuntime.swift */; };
		CF3099C80F9D88009AC75FF0 /* IronmeshFileProviderEnumerator.swift in Sources */ = {isa = PBXBuildFile; fileRef = 9EAEDFCD6573C0E56F75AD1D /* IronmeshFileProviderEnumerator.swift */; };
		D0C54EB6D904FBDA7DE798EF /* IronmeshFileProviderExtensionMutationHost.swift in Sources */ = {isa = PBXBuildFile; fileRef = 9C871EFA8FFA39346B9520B9 /* IronmeshFileProviderExtensionMutationHost.swift */; };
		D32E29BA694DB69090891F2B /* IronmeshFileProviderLookupService.swift in Sources */ = {isa = PBXBuildFile; fileRef = A6C4CDC5E768B56A87C001C4 /* IronmeshFileProviderLookupService.swift */; };
		D54791C01A831B30E44701BF /* SystemConfiguration.framework in Frameworks */ = {isa = PBXBuildFile; fileRef = 490DDF2FBD041940B88BC453 /* SystemConfiguration.framework */; };
		D769F254880D897FB1A0CDAA /* IronmeshFileProviderSyncRuntime.swift in Sources */ = {isa = PBXBuildFile; fileRef = 8A1A4DEFA588B8859D393E5A /* IronmeshFileProviderSyncRuntime.swift */; };
		D802864A3D2DE7B7303E6279 /* IronmeshMacFileProviderExtension.swift in Sources */ = {isa = PBXBuildFile; fileRef = 3AF23604A81569FFBE88C99C /* IronmeshMacFileProviderExtension.swift */; };
		D94B5BAD893A2D88F7DF51C8 /* AppleCore in Frameworks */ = {isa = PBXBuildFile; productRef = 4FCEFD47F4EBD2FDE8D48497 /* AppleCore */; };
		DD9F571E15ABD0C5B4D38F1D /* UniformTypeIdentifiers.framework in Frameworks */ = {isa = PBXBuildFile; fileRef = A44D70CA4793C78C57CC5D19 /* UniformTypeIdentifiers.framework */; };
		DEF15D6D9BD692D36D445ACE /* IronmeshFileProviderItem.swift in Sources */ = {isa = PBXBuildFile; fileRef = E669C9817685097A05F1EA4C /* IronmeshFileProviderItem.swift */; };
		E139DE3EBC4A80CC22CED1D6 /* UniformTypeIdentifiers.framework in Frameworks */ = {isa = PBXBuildFile; fileRef = A44D70CA4793C78C57CC5D19 /* UniformTypeIdentifiers.framework */; };
		E2BB351D278368B67B1C40F0 /* IronmeshFileProviderExtensionHost.swift in Sources */ = {isa = PBXBuildFile; fileRef = 1A9A6BE8EA898EC7D430B25C /* IronmeshFileProviderExtensionHost.swift */; };
		E5578688033BE7CDB458989B /* IronmeshRustFFIAdapter.swift in Sources */ = {isa = PBXBuildFile; fileRef = C0FA8B4BC4DABA6189BBC74A /* IronmeshRustFFIAdapter.swift */; };
		E574A10C6D8F9A186FC35D3B /* UniformTypeIdentifiers.framework in Frameworks */ = {isa = PBXBuildFile; fileRef = A44D70CA4793C78C57CC5D19 /* UniformTypeIdentifiers.framework */; };
		E6752CA7D26660DD296011E0 /* AppleCore in Frameworks */ = {isa = PBXBuildFile; productRef = 5EB1E57AE3FC7EA54C1477E3 /* AppleCore */; };
		EA5CEAEDBC7AE459CDEF1C8B /* IronmeshBootstrapScannerSheet.swift in Sources */ = {isa = PBXBuildFile; fileRef = E936F23DD46DDF6D86D2F447 /* IronmeshBootstrapScannerSheet.swift */; };
		EE180BC0B8517727ABFA2DA3 /* IronmeshFileProviderConnectionService.swift in Sources */ = {isa = PBXBuildFile; fileRef = 5DCD2A1B89C7EC9FF09E436A /* IronmeshFileProviderConnectionService.swift */; };
		F02D4D63B27E99F45F6B05C9 /* IronmeshFileProviderRuntime.swift in Sources */ = {isa = PBXBuildFile; fileRef = F89BB0FEE78E57EA6B128404 /* IronmeshFileProviderRuntime.swift */; };
		F13F3F0DA872B57AFD30EE67 /* IronmeshRustFFIAdapter.swift in Sources */ = {isa = PBXBuildFile; fileRef = C0FA8B4BC4DABA6189BBC74A /* IronmeshRustFFIAdapter.swift */; };
		F3F4A05C300CBFB60793B650 /* IronmeshFileProviderEnumerator.swift in Sources */ = {isa = PBXBuildFile; fileRef = 9EAEDFCD6573C0E56F75AD1D /* IronmeshFileProviderEnumerator.swift */; };
		F9BC2F0979CF91901D8F1CA3 /* IronmeshFileProviderExtensionMutationHost.swift in Sources */ = {isa = PBXBuildFile; fileRef = 9C871EFA8FFA39346B9520B9 /* IronmeshFileProviderExtensionMutationHost.swift */; };
		FAF90D30003E3533BA646C07 /* FileProvider.framework in Frameworks */ = {isa = PBXBuildFile; fileRef = EC4454FA337C8FA97EBDD917 /* FileProvider.framework */; };
/* End PBXBuildFile section */

/* Begin PBXContainerItemProxy section */
		12FA89B442EAB3D62123DB56 /* PBXContainerItemProxy */ = {
			isa = PBXContainerItemProxy;
			containerPortal = EF0C3BABBB66E445EE36D4B9 /* Project object */;
			proxyType = 1;
			remoteGlobalIDString = 4ED9573DAC30D96830CFD46E;
			remoteInfo = IronmeshMacApp;
		};
		A1D6D1ADD166BD2A8C4DBC53 /* PBXContainerItemProxy */ = {
			isa = PBXContainerItemProxy;
			containerPortal = EF0C3BABBB66E445EE36D4B9 /* Project object */;
			proxyType = 1;
			remoteGlobalIDString = AFBE96E8276416130D63E761;
			remoteInfo = IronmeshIosFileProviderExtension;
		};
/* End PBXContainerItemProxy section */

/* Begin PBXCopyFilesBuildPhase section */
		3C7C3D1097ACBAD4AABDEAC2 /* Embed Foundation Extensions */ = {
			isa = PBXCopyFilesBuildPhase;
			buildActionMask = 2147483647;
			dstPath = "";
			dstSubfolderSpec = 13;
			files = (
				43C79B50B668310E1E948E7A /* IronmeshIosFileProviderExtension.appex in Embed Foundation Extensions */,
			);
			name = "Embed Foundation Extensions";
			runOnlyForDeploymentPostprocessing = 0;
		};
/* End PBXCopyFilesBuildPhase section */

/* Begin PBXFileReference section */
		1A9A6BE8EA898EC7D430B25C /* IronmeshFileProviderExtensionHost.swift */ = {isa = PBXFileReference; lastKnownFileType = sourcecode.swift; path = IronmeshFileProviderExtensionHost.swift; sourceTree = "<group>"; };
		220FA7A03D50518BD537F1CB /* AVFoundation.framework */ = {isa = PBXFileReference; lastKnownFileType = wrapper.framework; name = AVFoundation.framework; path = System/Library/Frameworks/AVFoundation.framework; sourceTree = SDKROOT; };
		244B38CABFC537484ED1F06D /* apple-file-provider */ = {isa = PBXFileReference; lastKnownFileType = folder; name = "apple-file-provider"; path = .; sourceTree = SOURCE_ROOT; };
		3AF23604A81569FFBE88C99C /* IronmeshMacFileProviderExtension.swift */ = {isa = PBXFileReference; lastKnownFileType = sourcecode.swift; path = IronmeshMacFileProviderExtension.swift; sourceTree = "<group>"; };
		41445F644F4604684C2EF8C8 /* IronmeshFileProviderMutationService.swift */ = {isa = PBXFileReference; lastKnownFileType = sourcecode.swift; path = IronmeshFileProviderMutationService.swift; sourceTree = "<group>"; };
		490DDF2FBD041940B88BC453 /* SystemConfiguration.framework */ = {isa = PBXFileReference; lastKnownFileType = wrapper.framework; name = SystemConfiguration.framework; path = System/Library/Frameworks/SystemConfiguration.framework; sourceTree = SDKROOT; };
		5DCD2A1B89C7EC9FF09E436A /* IronmeshFileProviderConnectionService.swift */ = {isa = PBXFileReference; lastKnownFileType = sourcecode.swift; path = IronmeshFileProviderConnectionService.swift; sourceTree = "<group>"; };
		69448FBEB222C861B5CA9C1C /* IronmeshAppleProjectTests.xctest */ = {isa = PBXFileReference; explicitFileType = wrapper.cfbundle; includeInIndex = 0; path = IronmeshAppleProjectTests.xctest; sourceTree = BUILT_PRODUCTS_DIR; };
		6C8998582382E6AF8D8680D1 /* IronmeshFileProviderService.swift */ = {isa = PBXFileReference; lastKnownFileType = sourcecode.swift; path = IronmeshFileProviderService.swift; sourceTree = "<group>"; };
		6DD0D96D60F5C1E603B708FB /* IronmeshFileProviderConflictService.swift */ = {isa = PBXFileReference; lastKnownFileType = sourcecode.swift; path = IronmeshFileProviderConflictService.swift; sourceTree = "<group>"; };
		6DED46198314AD32D59D4EEE /* Network.framework */ = {isa = PBXFileReference; lastKnownFileType = wrapper.framework; name = Network.framework; path = System/Library/Frameworks/Network.framework; sourceTree = SDKROOT; };
		6ED16406A1BE1EDF63710436 /* IronmeshIosApp.swift */ = {isa = PBXFileReference; lastKnownFileType = sourcecode.swift; path = IronmeshIosApp.swift; sourceTree = "<group>"; };
		792F216BC5734E380B8D639B /* IronmeshSyncAnchorCodec.swift */ = {isa = PBXFileReference; lastKnownFileType = sourcecode.swift; path = IronmeshSyncAnchorCodec.swift; sourceTree = "<group>"; };
		7DA129FD959C0FD0D040070D /* IronmeshIosProjectTests.xctest */ = {isa = PBXFileReference; includeInIndex = 0; lastKnownFileType = wrapper.cfbundle; path = IronmeshIosProjectTests.xctest; sourceTree = BUILT_PRODUCTS_DIR; };
		7DD73EE64ADF4D79132C4282 /* IronmeshAppleFFI-Bridging-Header.h */ = {isa = PBXFileReference; lastKnownFileType = sourcecode.c.h; path = "IronmeshAppleFFI-Bridging-Header.h"; sourceTree = "<group>"; };
		8A1A4DEFA588B8859D393E5A /* IronmeshFileProviderSyncRuntime.swift */ = {isa = PBXFileReference; lastKnownFileType = sourcecode.swift; path = IronmeshFileProviderSyncRuntime.swift; sourceTree = "<group>"; };
		8F5701975DDED656D7A9B6A6 /* IronmeshMacFileProviderExtension.appex */ = {isa = PBXFileReference; explicitFileType = "wrapper.app-extension"; includeInIndex = 0; path = IronmeshMacFileProviderExtension.appex; sourceTree = BUILT_PRODUCTS_DIR; };
		987EDC104DA47B5CF20BED0D /* IronmeshMacApp.app */ = {isa = PBXFileReference; explicitFileType = wrapper.application; includeInIndex = 0; path = IronmeshMacApp.app; sourceTree = BUILT_PRODUCTS_DIR; };
		9C871EFA8FFA39346B9520B9 /* IronmeshFileProviderExtensionMutationHost.swift */ = {isa = PBXFileReference; lastKnownFileType = sourcecode.swift; path = IronmeshFileProviderExtensionMutationHost.swift; sourceTree = "<group>"; };
		9D5ABE42C4A88C9F432EAB30 /* IronmeshSyncProfilesView.swift */ = {isa = PBXFileReference; lastKnownFileType = sourcecode.swift; path = IronmeshSyncProfilesView.swift; sourceTree = "<group>"; };
		9DE242824A78C12FCE941041 /* IronmeshFileProviderReadService.swift */ = {isa = PBXFileReference; lastKnownFileType = sourcecode.swift; path = IronmeshFileProviderReadService.swift; sourceTree = "<group>"; };
		9EAEDFCD6573C0E56F75AD1D /* IronmeshFileProviderEnumerator.swift */ = {isa = PBXFileReference; lastKnownFileType = sourcecode.swift; path = IronmeshFileProviderEnumerator.swift; sourceTree = "<group>"; };
		A13094E341F56B086D44DEDB /* IronmeshBrowserModel.swift */ = {isa = PBXFileReference; lastKnownFileType = sourcecode.swift; path = IronmeshBrowserModel.swift; sourceTree = "<group>"; };
		A36A32CA7808E8CC71993FEC /* IronmeshIosProjectTests.swift */ = {isa = PBXFileReference; lastKnownFileType = sourcecode.swift; path = IronmeshIosProjectTests.swift; sourceTree = "<group>"; };
		A44D70CA4793C78C57CC5D19 /* UniformTypeIdentifiers.framework */ = {isa = PBXFileReference; lastKnownFileType = wrapper.framework; name = UniformTypeIdentifiers.framework; path = System/Library/Frameworks/UniformTypeIdentifiers.framework; sourceTree = SDKROOT; };
		A4A19B32096F78A0D540CACC /* IronmeshFileProviderRuntimeSupport.swift */ = {isa = PBXFileReference; lastKnownFileType = sourcecode.swift; path = IronmeshFileProviderRuntimeSupport.swift; sourceTree = "<group>"; };
		A6C4CDC5E768B56A87C001C4 /* IronmeshFileProviderLookupService.swift */ = {isa = PBXFileReference; lastKnownFileType = sourcecode.swift; path = IronmeshFileProviderLookupService.swift; sourceTree = "<group>"; };
		A7E9C7CA35FBD3948776E0AF /* IronmeshIosFileProviderExtension.swift */ = {isa = PBXFileReference; lastKnownFileType = sourcecode.swift; path = IronmeshIosFileProviderExtension.swift; sourceTree = "<group>"; };
		B88EA20710228EA5788F3224 /* IronmeshIosApp.app */ = {isa = PBXFileReference; includeInIndex = 0; lastKnownFileType = wrapper.application; path = IronmeshIosApp.app; sourceTree = BUILT_PRODUCTS_DIR; };
		B9E696F4C80404E103A51256 /* IronmeshMacApp.swift */ = {isa = PBXFileReference; lastKnownFileType = sourcecode.swift; path = IronmeshMacApp.swift; sourceTree = "<group>"; };
		C0FA8B4BC4DABA6189BBC74A /* IronmeshRustFFIAdapter.swift */ = {isa = PBXFileReference; lastKnownFileType = sourcecode.swift; path = IronmeshRustFFIAdapter.swift; sourceTree = "<group>"; };
		C3AC8A2D308A04A831319F14 /* IronmeshFileProviderExtensionReadHost.swift */ = {isa = PBXFileReference; lastKnownFileType = sourcecode.swift; path = IronmeshFileProviderExtensionReadHost.swift; sourceTree = "<group>"; };
		C7EA0BE16142BA4ABE0700C6 /* IronmeshWorkingSetSignalCoordinator.swift */ = {isa = PBXFileReference; lastKnownFileType = sourcecode.swift; path = IronmeshWorkingSetSignalCoordinator.swift; sourceTree = "<group>"; };
		CAE325C40BA870C788A02A49 /* IronmeshGalleryView.swift */ = {isa = PBXFileReference; lastKnownFileType = sourcecode.swift; path = IronmeshGalleryView.swift; sourceTree = "<group>"; };
		CC064A6A2AC06203AE0B3854 /* IronmeshIdentifierPathCache.swift */ = {isa = PBXFileReference; lastKnownFileType = sourcecode.swift; path = IronmeshIdentifierPathCache.swift; sourceTree = "<group>"; };
		D65743C5EC88BC86B9CCD14F /* IronmeshIosFileProviderExtension.appex */ = {isa = PBXFileReference; includeInIndex = 0; lastKnownFileType = "wrapper.app-extension"; path = IronmeshIosFileProviderExtension.appex; sourceTree = BUILT_PRODUCTS_DIR; };
		E669C9817685097A05F1EA4C /* IronmeshFileProviderItem.swift */ = {isa = PBXFileReference; lastKnownFileType = sourcecode.swift; path = IronmeshFileProviderItem.swift; sourceTree = "<group>"; };
		E936F23DD46DDF6D86D2F447 /* IronmeshBootstrapScannerSheet.swift */ = {isa = PBXFileReference; lastKnownFileType = sourcecode.swift; path = IronmeshBootstrapScannerSheet.swift; sourceTree = "<group>"; };
		EBB0FEF4247443AA0C0D393D /* IronmeshGalleryModel.swift */ = {isa = PBXFileReference; lastKnownFileType = sourcecode.swift; path = IronmeshGalleryModel.swift; sourceTree = "<group>"; };
		EC4454FA337C8FA97EBDD917 /* FileProvider.framework */ = {isa = PBXFileReference; lastKnownFileType = wrapper.framework; name = FileProvider.framework; path = System/Library/Frameworks/FileProvider.framework; sourceTree = SDKROOT; };
		F7920A3DC35240252C623BC7 /* IronmeshAppleProjectTests.swift */ = {isa = PBXFileReference; lastKnownFileType = sourcecode.swift; path = IronmeshAppleProjectTests.swift; sourceTree = "<group>"; };
		F89BB0FEE78E57EA6B128404 /* IronmeshFileProviderRuntime.swift */ = {isa = PBXFileReference; lastKnownFileType = sourcecode.swift; path = IronmeshFileProviderRuntime.swift; sourceTree = "<group>"; };
/* End PBXFileReference section */

/* Begin PBXFrameworksBuildPhase section */
		2E91FA967882205DEA6909D7 /* Frameworks */ = {
			isa = PBXFrameworksBuildPhase;
			buildActionMask = 2147483647;
			files = (
				E6752CA7D26660DD296011E0 /* AppleCore in Frameworks */,
				B1CEF3BBBCCA99EB5A2C2F17 /* AppleFileProviderShared in Frameworks */,
				1596A1C38F950315CB507483 /* AVFoundation.framework in Frameworks */,
				63380B5E6141E9E28F67CD07 /* FileProvider.framework in Frameworks */,
				E139DE3EBC4A80CC22CED1D6 /* UniformTypeIdentifiers.framework in Frameworks */,
			);
			runOnlyForDeploymentPostprocessing = 0;
		};
		38A2DEC89126509F9AB22490 /* Frameworks */ = {
			isa = PBXFrameworksBuildPhase;
			buildActionMask = 2147483647;
			files = (
				7338228AFCA582F92DE83DE8 /* AppleCore in Frameworks */,
				71AE453247F18B2C6C8A3FD4 /* AppleFileProviderShared in Frameworks */,
			);
			runOnlyForDeploymentPostprocessing = 0;
		};
		7295ADD219FD27199FF6A11B /* Frameworks */ = {
			isa = PBXFrameworksBuildPhase;
			buildActionMask = 2147483647;
			files = (
				B34CFEFE0F3CACD159AFC871 /* AppleCore in Frameworks */,
				6F3E03595FD2D97919630E3B /* AppleFileProviderShared in Frameworks */,
				C6AA101E4103A45EE21D1EE1 /* FileProvider.framework in Frameworks */,
				BBE371367C8853578B16C056 /* Network.framework in Frameworks */,
				8E3B91407FEE58B371BDCA83 /* SystemConfiguration.framework in Frameworks */,
				0DBC3C31113B92CB3CFE0EFD /* UniformTypeIdentifiers.framework in Frameworks */,
			);
			runOnlyForDeploymentPostprocessing = 0;
		};
		BADE7AED9873561B8E167D86 /* Frameworks */ = {
			isa = PBXFrameworksBuildPhase;
			buildActionMask = 2147483647;
			files = (
				D94B5BAD893A2D88F7DF51C8 /* AppleCore in Frameworks */,
				BD69388C688129F3E278CF1C /* AppleFileProviderShared in Frameworks */,
				FAF90D30003E3533BA646C07 /* FileProvider.framework in Frameworks */,
				1F289BAE99E359A43B97B771 /* Network.framework in Frameworks */,
				D54791C01A831B30E44701BF /* SystemConfiguration.framework in Frameworks */,
				E574A10C6D8F9A186FC35D3B /* UniformTypeIdentifiers.framework in Frameworks */,
			);
			runOnlyForDeploymentPostprocessing = 0;
		};
		D21BAECC9077B6D63A420174 /* Frameworks */ = {
			isa = PBXFrameworksBuildPhase;
			buildActionMask = 2147483647;
			files = (
				8BB7E92B717F247AC803FF2F /* AppleCore in Frameworks */,
				C6EC8D0848B7E4A66A05D61B /* AppleFileProviderShared in Frameworks */,
			);
			runOnlyForDeploymentPostprocessing = 0;
		};
		F718AB135756C1436B5312C0 /* Frameworks */ = {
			isa = PBXFrameworksBuildPhase;
			buildActionMask = 2147483647;
			files = (
				B36DE238EE6B5D64A18A7FB8 /* AppleCore in Frameworks */,
				81832537D853D978072D3C62 /* AppleFileProviderShared in Frameworks */,
				0BC42E8828E7FB463CEA0761 /* FileProvider.framework in Frameworks */,
				DD9F571E15ABD0C5B4D38F1D /* UniformTypeIdentifiers.framework in Frameworks */,
			);
			runOnlyForDeploymentPostprocessing = 0;
		};
/* End PBXFrameworksBuildPhase section */

/* Begin PBXGroup section */
		24C0877E8576BBFC778FFC94 /* IronmeshMacFileProviderExtension */ = {
			isa = PBXGroup;
			children = (
				3AF23604A81569FFBE88C99C /* IronmeshMacFileProviderExtension.swift */,
			);
			name = IronmeshMacFileProviderExtension;
			path = Sources/IronmeshMacFileProviderExtension;
			sourceTree = "<group>";
		};
		376D29036F21AEDB681A67DC /* IronmeshIosFileProviderExtension */ = {
			isa = PBXGroup;
			children = (
				A7E9C7CA35FBD3948776E0AF /* IronmeshIosFileProviderExtension.swift */,
			);
			name = IronmeshIosFileProviderExtension;
			path = Sources/IronmeshIosFileProviderExtension;
			sourceTree = "<group>";
		};
		3B8720FF51AAA0345F62D3FB /* Products */ = {
			isa = PBXGroup;
			children = (
				69448FBEB222C861B5CA9C1C /* IronmeshAppleProjectTests.xctest */,
				B88EA20710228EA5788F3224 /* IronmeshIosApp.app */,
				D65743C5EC88BC86B9CCD14F /* IronmeshIosFileProviderExtension.appex */,
				7DA129FD959C0FD0D040070D /* IronmeshIosProjectTests.xctest */,
				987EDC104DA47B5CF20BED0D /* IronmeshMacApp.app */,
				8F5701975DDED656D7A9B6A6 /* IronmeshMacFileProviderExtension.appex */,
			);
			name = Products;
			sourceTree = "<group>";
		};
		5534E1C4D921104D7C7A59BD /* Frameworks */ = {
			isa = PBXGroup;
			children = (
				220FA7A03D50518BD537F1CB /* AVFoundation.framework */,
				EC4454FA337C8FA97EBDD917 /* FileProvider.framework */,
				6DED46198314AD32D59D4EEE /* Network.framework */,
				490DDF2FBD041940B88BC453 /* SystemConfiguration.framework */,
				A44D70CA4793C78C57CC5D19 /* UniformTypeIdentifiers.framework */,
			);
			name = Frameworks;
			sourceTree = "<group>";
		};
		69075CFCAA25D9B0A969540F /* AppleNativeBridge */ = {
			isa = PBXGroup;
			children = (
				7DD73EE64ADF4D79132C4282 /* IronmeshAppleFFI-Bridging-Header.h */,
				C0FA8B4BC4DABA6189BBC74A /* IronmeshRustFFIAdapter.swift */,
			);
			name = AppleNativeBridge;
			path = Sources/AppleNativeBridge;
			sourceTree = "<group>";
		};
		6A4777D0C0506B8D27B6198F /* AppleAppSupport */ = {
			isa = PBXGroup;
			children = (
				A13094E341F56B086D44DEDB /* IronmeshBrowserModel.swift */,
				EBB0FEF4247443AA0C0D393D /* IronmeshGalleryModel.swift */,
			);
			name = AppleAppSupport;
			path = Sources/AppleAppSupport;
			sourceTree = "<group>";
		};
		76A60EFD796E5C3B758B0F98 /* IronmeshMacApp */ = {
			isa = PBXGroup;
			children = (
				B9E696F4C80404E103A51256 /* IronmeshMacApp.swift */,
			);
			name = IronmeshMacApp;
			path = Sources/IronmeshMacApp;
			sourceTree = "<group>";
		};
		96F7B3C14F1A91CD6DCE0635 /* AppleFileProviderRuntime */ = {
			isa = PBXGroup;
			children = (
				6DD0D96D60F5C1E603B708FB /* IronmeshFileProviderConflictService.swift */,
				5DCD2A1B89C7EC9FF09E436A /* IronmeshFileProviderConnectionService.swift */,
				9EAEDFCD6573C0E56F75AD1D /* IronmeshFileProviderEnumerator.swift */,
				1A9A6BE8EA898EC7D430B25C /* IronmeshFileProviderExtensionHost.swift */,
				9C871EFA8FFA39346B9520B9 /* IronmeshFileProviderExtensionMutationHost.swift */,
				C3AC8A2D308A04A831319F14 /* IronmeshFileProviderExtensionReadHost.swift */,
				E669C9817685097A05F1EA4C /* IronmeshFileProviderItem.swift */,
				A6C4CDC5E768B56A87C001C4 /* IronmeshFileProviderLookupService.swift */,
				41445F644F4604684C2EF8C8 /* IronmeshFileProviderMutationService.swift */,
				9DE242824A78C12FCE941041 /* IronmeshFileProviderReadService.swift */,
				F89BB0FEE78E57EA6B128404 /* IronmeshFileProviderRuntime.swift */,
				A4A19B32096F78A0D540CACC /* IronmeshFileProviderRuntimeSupport.swift */,
				6C8998582382E6AF8D8680D1 /* IronmeshFileProviderService.swift */,
				8A1A4DEFA588B8859D393E5A /* IronmeshFileProviderSyncRuntime.swift */,
				CC064A6A2AC06203AE0B3854 /* IronmeshIdentifierPathCache.swift */,
				792F216BC5734E380B8D639B /* IronmeshSyncAnchorCodec.swift */,
				C7EA0BE16142BA4ABE0700C6 /* IronmeshWorkingSetSignalCoordinator.swift */,
			);
			name = AppleFileProviderRuntime;
			path = Sources/AppleFileProviderRuntime;
			sourceTree = "<group>";
		};
		9B49D4C4CCD3297433E6597D /* IronmeshAppleProjectTests */ = {
			isa = PBXGroup;
			children = (
				F7920A3DC35240252C623BC7 /* IronmeshAppleProjectTests.swift */,
			);
			name = IronmeshAppleProjectTests;
			path = Tests/IronmeshAppleProjectTests;
			sourceTree = "<group>";
		};
		A0AFBB5EB4B353003D20B835 = {
			isa = PBXGroup;
			children = (
				6A4777D0C0506B8D27B6198F /* AppleAppSupport */,
				96F7B3C14F1A91CD6DCE0635 /* AppleFileProviderRuntime */,
				69075CFCAA25D9B0A969540F /* AppleNativeBridge */,
				9B49D4C4CCD3297433E6597D /* IronmeshAppleProjectTests */,
				E5BF17148530CB1790E898F6 /* IronmeshIosApp */,
				376D29036F21AEDB681A67DC /* IronmeshIosFileProviderExtension */,
				A5D0FB02CF3B6AEB2B72D86A /* IronmeshIosProjectTests */,
				76A60EFD796E5C3B758B0F98 /* IronmeshMacApp */,
				24C0877E8576BBFC778FFC94 /* IronmeshMacFileProviderExtension */,
				F8D391B477B8A6461C30F665 /* Packages */,
				5534E1C4D921104D7C7A59BD /* Frameworks */,
				3B8720FF51AAA0345F62D3FB /* Products */,
			);
			sourceTree = "<group>";
		};
		A5D0FB02CF3B6AEB2B72D86A /* IronmeshIosProjectTests */ = {
			isa = PBXGroup;
			children = (
				A36A32CA7808E8CC71993FEC /* IronmeshIosProjectTests.swift */,
			);
			name = IronmeshIosProjectTests;
			path = Tests/IronmeshIosProjectTests;
			sourceTree = "<group>";
		};
		E5BF17148530CB1790E898F6 /* IronmeshIosApp */ = {
			isa = PBXGroup;
			children = (
				E936F23DD46DDF6D86D2F447 /* IronmeshBootstrapScannerSheet.swift */,
				CAE325C40BA870C788A02A49 /* IronmeshGalleryView.swift */,
				6ED16406A1BE1EDF63710436 /* IronmeshIosApp.swift */,
				9D5ABE42C4A88C9F432EAB30 /* IronmeshSyncProfilesView.swift */,
			);
			name = IronmeshIosApp;
			path = Sources/IronmeshIosApp;
			sourceTree = "<group>";
		};
		F8D391B477B8A6461C30F665 /* Packages */ = {
			isa = PBXGroup;
			children = (
				244B38CABFC537484ED1F06D /* apple-file-provider */,
			);
			name = Packages;
			sourceTree = "<group>";
		};
/* End PBXGroup section */

/* Begin PBXNativeTarget section */
		0DA04F6B3DEE0D8908F46746 /* IronmeshIosProjectTests */ = {
			isa = PBXNativeTarget;
			buildConfigurationList = 104BE8BA6F2038EAC9F3037F /* Build configuration list for PBXNativeTarget "IronmeshIosProjectTests" */;
			buildPhases = (
				88E4E98C627F204DF5016D8E /* Sources */,
				D21BAECC9077B6D63A420174 /* Frameworks */,
			);
			buildRules = (
			);
			dependencies = (
			);
			name = IronmeshIosProjectTests;
			packageProductDependencies = (
				036A193B5DAC68469095CE5A /* AppleCore */,
				D3D93B20FE0A9294021D714C /* AppleFileProviderShared */,
			);
			productName = IronmeshIosProjectTests;
			productReference = 7DA129FD959C0FD0D040070D /* IronmeshIosProjectTests.xctest */;
			productType = "com.apple.product-type.bundle.unit-test";
		};
		219D58F25590BF1A3D18330F /* IronmeshMacFileProviderExtension */ = {
			isa = PBXNativeTarget;
			buildConfigurationList = 2F5A3721F5889FCF397CF835 /* Build configuration list for PBXNativeTarget "IronmeshMacFileProviderExtension" */;
			buildPhases = (
				EC79C2E7483EF8856A36F1EB /* Build Rust Apple FFI */,
				AA61513144DD263788D143B8 /* Sources */,
				2E91FA967882205DEA6909D7 /* Frameworks */,
			);
			buildRules = (
			);
			dependencies = (
			);
			name = IronmeshMacFileProviderExtension;
			packageProductDependencies = (
				5EB1E57AE3FC7EA54C1477E3 /* AppleCore */,
				648AE487A41AA72E53A73C09 /* AppleFileProviderShared */,
			);
			productName = IronmeshMacFileProviderExtension;
			productReference = 8F5701975DDED656D7A9B6A6 /* IronmeshMacFileProviderExtension.appex */;
			productType = "com.apple.product-type.app-extension";
		};
		4ED9573DAC30D96830CFD46E /* IronmeshMacApp */ = {
			isa = PBXNativeTarget;
			buildConfigurationList = 8C92952F62EC44217705EF5E /* Build configuration list for PBXNativeTarget "IronmeshMacApp" */;
			buildPhases = (
				B5E350D7E026B35BE5272036 /* Build Rust Apple FFI */,
				7EE56167233D3A90E1359388 /* Sources */,
				F718AB135756C1436B5312C0 /* Frameworks */,
			);
			buildRules = (
			);
			dependencies = (
			);
			name = IronmeshMacApp;
			packageProductDependencies = (
				610C745899D565B8093E9493 /* AppleCore */,
				27724ACE6FAA8F9BBB92D194 /* AppleFileProviderShared */,
			);
			productName = IronmeshMacApp;
			productReference = 987EDC104DA47B5CF20BED0D /* IronmeshMacApp.app */;
			productType = "com.apple.product-type.application";
		};
		A2F481122FD00FA65540A1A5 /* IronmeshAppleProjectTests */ = {
			isa = PBXNativeTarget;
			buildConfigurationList = 0D6926F0D9DE65A8CCA52573 /* Build configuration list for PBXNativeTarget "IronmeshAppleProjectTests" */;
			buildPhases = (
				3E9CABBEFCAC86288E39F139 /* Sources */,
				38A2DEC89126509F9AB22490 /* Frameworks */,
			);
			buildRules = (
			);
			dependencies = (
				0405CBEACC0E9D8AE47967BB /* PBXTargetDependency */,
			);
			name = IronmeshAppleProjectTests;
			packageProductDependencies = (
				3B0EAA0A0E8449F387555CF7 /* AppleCore */,
				4CADBC90D590EDBD274936BB /* AppleFileProviderShared */,
			);
			productName = IronmeshAppleProjectTests;
			productReference = 69448FBEB222C861B5CA9C1C /* IronmeshAppleProjectTests.xctest */;
			productType = "com.apple.product-type.bundle.unit-test";
		};
		AFBE96E8276416130D63E761 /* IronmeshIosFileProviderExtension */ = {
			isa = PBXNativeTarget;
			buildConfigurationList = 6613AEA48C03748C70AA88AD /* Build configuration list for PBXNativeTarget "IronmeshIosFileProviderExtension" */;
			buildPhases = (
				5A8944670DD4793912F77413 /* Build Rust Apple FFI */,
				06547582563CE0CD0F005C21 /* Sources */,
				7295ADD219FD27199FF6A11B /* Frameworks */,
			);
			buildRules = (
			);
			dependencies = (
			);
			name = IronmeshIosFileProviderExtension;
			packageProductDependencies = (
				D4758290C2F46CB307E07F32 /* AppleCore */,
				87FF1F26324D7E04DF57D36E /* AppleFileProviderShared */,
			);
			productName = IronmeshIosFileProviderExtension;
			productReference = D65743C5EC88BC86B9CCD14F /* IronmeshIosFileProviderExtension.appex */;
			productType = "com.apple.product-type.app-extension";
		};
		FC2702FC78F437CFD22D714F /* IronmeshIosApp */ = {
			isa = PBXNativeTarget;
			buildConfigurationList = 64FCC4EEC5FE5632A56E5538 /* Build configuration list for PBXNativeTarget "IronmeshIosApp" */;
			buildPhases = (
				07FC14D06BCBF8B7FAA879FB /* Build Rust Apple FFI */,
				898EAFC7D0721A0B953C3839 /* Sources */,
				BADE7AED9873561B8E167D86 /* Frameworks */,
				3C7C3D1097ACBAD4AABDEAC2 /* Embed Foundation Extensions */,
			);
			buildRules = (
			);
			dependencies = (
				174603968AB67FEBF8121F2F /* PBXTargetDependency */,
			);
			name = IronmeshIosApp;
			packageProductDependencies = (
				4FCEFD47F4EBD2FDE8D48497 /* AppleCore */,
				F0BA5FE65065A174670816F1 /* AppleFileProviderShared */,
			);
			productName = IronmeshIosApp;
			productReference = B88EA20710228EA5788F3224 /* IronmeshIosApp.app */;
			productType = "com.apple.product-type.application";
		};
/* End PBXNativeTarget section */

/* Begin PBXProject section */
		EF0C3BABBB66E445EE36D4B9 /* Project object */ = {
			isa = PBXProject;
			attributes = {
				BuildIndependentTargetsInParallel = YES;
				LastUpgradeCheck = 1430;
				TargetAttributes = {
					0DA04F6B3DEE0D8908F46746 = {
						DevelopmentTeam = "";
						ProvisioningStyle = Automatic;
					};
					219D58F25590BF1A3D18330F = {
						DevelopmentTeam = "";
						ProvisioningStyle = Automatic;
					};
					4ED9573DAC30D96830CFD46E = {
						DevelopmentTeam = "";
						ProvisioningStyle = Automatic;
					};
					A2F481122FD00FA65540A1A5 = {
						DevelopmentTeam = "";
						ProvisioningStyle = Manual;
					};
					AFBE96E8276416130D63E761 = {
						DevelopmentTeam = "";
						ProvisioningStyle = Automatic;
					};
					FC2702FC78F437CFD22D714F = {
						DevelopmentTeam = "";
						ProvisioningStyle = Automatic;
					};
				};
			};
			buildConfigurationList = 76727E7C888A54996E335170 /* Build configuration list for PBXProject "IronmeshAppleFileProvider" */;
			developmentRegion = en;
			hasScannedForEncodings = 0;
			knownRegions = (
				Base,
				en,
			);
			mainGroup = A0AFBB5EB4B353003D20B835;
			minimizedProjectReferenceProxies = 1;
			packageReferences = (
				37157AA1007E5B83DF70C1B5 /* XCLocalSwiftPackageReference "." */,
			);
			preferredProjectObjectVersion = 77;
			productRefGroup = 3B8720FF51AAA0345F62D3FB /* Products */;
			projectDirPath = "";
			projectRoot = "";
			targets = (
				A2F481122FD00FA65540A1A5 /* IronmeshAppleProjectTests */,
				FC2702FC78F437CFD22D714F /* IronmeshIosApp */,
				AFBE96E8276416130D63E761 /* IronmeshIosFileProviderExtension */,
				0DA04F6B3DEE0D8908F46746 /* IronmeshIosProjectTests */,
				4ED9573DAC30D96830CFD46E /* IronmeshMacApp */,
				219D58F25590BF1A3D18330F /* IronmeshMacFileProviderExtension */,
			);
		};
/* End PBXProject section */

/* Begin PBXShellScriptBuildPhase section */
		07FC14D06BCBF8B7FAA879FB /* Build Rust Apple FFI */ = {
			isa = PBXShellScriptBuildPhase;
			alwaysOutOfDate = 1;
			buildActionMask = 2147483647;
			files = (
			);
			inputFileListPaths = (
			);
			inputPaths = (
			);
			name = "Build Rust Apple FFI";
			outputFileListPaths = (
			);
			outputPaths = (
			);
			runOnlyForDeploymentPostprocessing = 0;
			shellPath = /bin/sh;
			shellScript = "\"$PROJECT_DIR/scripts/build-rust-apple-ffi.sh\" \"$PLATFORM_NAME\" \"$CONFIGURATION\"\n";
		};
		5A8944670DD4793912F77413 /* Build Rust Apple FFI */ = {
			isa = PBXShellScriptBuildPhase;
			alwaysOutOfDate = 1;
			buildActionMask = 2147483647;
			files = (
			);
			inputFileListPaths = (
			);
			inputPaths = (
			);
			name = "Build Rust Apple FFI";
			outputFileListPaths = (
			);
			outputPaths = (
			);
			runOnlyForDeploymentPostprocessing = 0;
			shellPath = /bin/sh;
			shellScript = "\"$PROJECT_DIR/scripts/build-rust-apple-ffi.sh\" \"$PLATFORM_NAME\" \"$CONFIGURATION\"\n";
		};
		B5E350D7E026B35BE5272036 /* Build Rust Apple FFI */ = {
			isa = PBXShellScriptBuildPhase;
			alwaysOutOfDate = 1;
			buildActionMask = 2147483647;
			files = (
			);
			inputFileListPaths = (
			);
			inputPaths = (
			);
			name = "Build Rust Apple FFI";
			outputFileListPaths = (
			);
			outputPaths = (
			);
			runOnlyForDeploymentPostprocessing = 0;
			shellPath = /bin/sh;
			shellScript = "\"$PROJECT_DIR/scripts/build-rust-apple-ffi.sh\" \"$PLATFORM_NAME\" \"$CONFIGURATION\"\n";
		};
		EC79C2E7483EF8856A36F1EB /* Build Rust Apple FFI */ = {
			isa = PBXShellScriptBuildPhase;
			alwaysOutOfDate = 1;
			buildActionMask = 2147483647;
			files = (
			);
			inputFileListPaths = (
			);
			inputPaths = (
			);
			name = "Build Rust Apple FFI";
			outputFileListPaths = (
			);
			outputPaths = (
			);
			runOnlyForDeploymentPostprocessing = 0;
			shellPath = /bin/sh;
			shellScript = "\"$PROJECT_DIR/scripts/build-rust-apple-ffi.sh\" \"$PLATFORM_NAME\" \"$CONFIGURATION\"\n";
		};
/* End PBXShellScriptBuildPhase section */

/* Begin PBXSourcesBuildPhase section */
		06547582563CE0CD0F005C21 /* Sources */ = {
			isa = PBXSourcesBuildPhase;
			buildActionMask = 2147483647;
			files = (
				B505F1987180B3B81BAFD838 /* IronmeshFileProviderConflictService.swift in Sources */,
				033FA480DF4A80E6F24261D9 /* IronmeshFileProviderConnectionService.swift in Sources */,
				CF3099C80F9D88009AC75FF0 /* IronmeshFileProviderEnumerator.swift in Sources */,
				A78C067EB050352B1D6E68C4 /* IronmeshFileProviderExtensionHost.swift in Sources */,
				A62E2A94F79F4C586D00C090 /* IronmeshFileProviderExtensionMutationHost.swift in Sources */,
				6960DA8C2DA00DDF7ED65525 /* IronmeshFileProviderExtensionReadHost.swift in Sources */,
				0E5FE19377CD8FDF125AAE42 /* IronmeshFileProviderItem.swift in Sources */,
				71CC3C788521C55110FEC7F2 /* IronmeshFileProviderLookupService.swift in Sources */,
				764107B1DD7C2FF34E56FE6C /* IronmeshFileProviderMutationService.swift in Sources */,
				27A5FFB82850B7BD3A74B1FA /* IronmeshFileProviderReadService.swift in Sources */,
				98957DAEF45FB9170691016A /* IronmeshFileProviderRuntime.swift in Sources */,
				3CE9B7BE02A592262B6F2A81 /* IronmeshFileProviderRuntimeSupport.swift in Sources */,
				50D1573E018F1F112D40ED86 /* IronmeshFileProviderService.swift in Sources */,
				CCEA254D25DFFA0674CEB1B8 /* IronmeshFileProviderSyncRuntime.swift in Sources */,
				1A8E87AEBF648C0E949F24EE /* IronmeshIdentifierPathCache.swift in Sources */,
				CBE7EAED3C09B6F2403AFD28 /* IronmeshIosFileProviderExtension.swift in Sources */,
				5325406375A4DA8E66293157 /* IronmeshRustFFIAdapter.swift in Sources */,
				AB76E22ACD480D5D494CCBF5 /* IronmeshSyncAnchorCodec.swift in Sources */,
				70A038B8E6E1917924173FD8 /* IronmeshWorkingSetSignalCoordinator.swift in Sources */,
			);
			runOnlyForDeploymentPostprocessing = 0;
		};
		3E9CABBEFCAC86288E39F139 /* Sources */ = {
			isa = PBXSourcesBuildPhase;
			buildActionMask = 2147483647;
			files = (
				3ECD32BAAD7E1074A209E6A9 /* IronmeshAppleProjectTests.swift in Sources */,
			);
			runOnlyForDeploymentPostprocessing = 0;
		};
		7EE56167233D3A90E1359388 /* Sources */ = {
			isa = PBXSourcesBuildPhase;
			buildActionMask = 2147483647;
			files = (
				5392619423EF7380FFA0BA73 /* IronmeshBrowserModel.swift in Sources */,
				AA84793D4F184A7BEA919B8D /* IronmeshFileProviderConflictService.swift in Sources */,
				11B6ED71556A64B00280AC5E /* IronmeshFileProviderConnectionService.swift in Sources */,
				2E47B7E3A1EC24B17639E56D /* IronmeshFileProviderEnumerator.swift in Sources */,
				21E9C2712F293E5C249D8C3E /* IronmeshFileProviderExtensionHost.swift in Sources */,
				D0C54EB6D904FBDA7DE798EF /* IronmeshFileProviderExtensionMutationHost.swift in Sources */,
				BC573F3331A869B6230804E1 /* IronmeshFileProviderExtensionReadHost.swift in Sources */,
				73AB93ED2F8EDD1659E92CB7 /* IronmeshFileProviderItem.swift in Sources */,
				442364943CDE6754986E4951 /* IronmeshFileProviderLookupService.swift in Sources */,
				1EDB771D9C09AB528C3E97A7 /* IronmeshFileProviderMutationService.swift in Sources */,
				4197B1B83913504F532D511F /* IronmeshFileProviderReadService.swift in Sources */,
				F02D4D63B27E99F45F6B05C9 /* IronmeshFileProviderRuntime.swift in Sources */,
				51BAF01273A3A345A54851B0 /* IronmeshFileProviderRuntimeSupport.swift in Sources */,
				5F9F92673599603F7B4FA94E /* IronmeshFileProviderService.swift in Sources */,
				84B5410C166A55EF1D7143FB /* IronmeshFileProviderSyncRuntime.swift in Sources */,
				4C9B2B93D3EF1DDA5309B64C /* IronmeshGalleryModel.swift in Sources */,
				65453585D6DB3706C758A37C /* IronmeshIdentifierPathCache.swift in Sources */,
				082E983DBE4DD0A288B7E0B2 /* IronmeshMacApp.swift in Sources */,
				F13F3F0DA872B57AFD30EE67 /* IronmeshRustFFIAdapter.swift in Sources */,
				1E2E69BD1A65E53A91CB1EFE /* IronmeshSyncAnchorCodec.swift in Sources */,
				B4ACE0699544E9E161E93BF7 /* IronmeshWorkingSetSignalCoordinator.swift in Sources */,
			);
			runOnlyForDeploymentPostprocessing = 0;
		};
		88E4E98C627F204DF5016D8E /* Sources */ = {
			isa = PBXSourcesBuildPhase;
			buildActionMask = 2147483647;
			files = (
				09176176A1A35D7D95E20B12 /* IronmeshIosProjectTests.swift in Sources */,
			);
			runOnlyForDeploymentPostprocessing = 0;
		};
		898EAFC7D0721A0B953C3839 /* Sources */ = {
			isa = PBXSourcesBuildPhase;
			buildActionMask = 2147483647;
			files = (
				EA5CEAEDBC7AE459CDEF1C8B /* IronmeshBootstrapScannerSheet.swift in Sources */,
				5B1FCE6BC32843D4F5EFBBFF /* IronmeshBrowserModel.swift in Sources */,
				3812238F70057C449AA7B2B0 /* IronmeshFileProviderConflictService.swift in Sources */,
				0F18AADE91E7CAB785BCB7F5 /* IronmeshFileProviderConnectionService.swift in Sources */,
				3652E85986B596D16D33CB7D /* IronmeshFileProviderEnumerator.swift in Sources */,
				6BFE22DE8E310C164FEB9842 /* IronmeshFileProviderExtensionHost.swift in Sources */,
				9B961AE315786144FC48A2A1 /* IronmeshFileProviderExtensionMutationHost.swift in Sources */,
				9AD8E45837318E90D1A18CAE /* IronmeshFileProviderExtensionReadHost.swift in Sources */,
				DEF15D6D9BD692D36D445ACE /* IronmeshFileProviderItem.swift in Sources */,
				9782220FB3499AA0A882D4BC /* IronmeshFileProviderLookupService.swift in Sources */,
				52B068416C957652A221862F /* IronmeshFileProviderMutationService.swift in Sources */,
				B4332A6B3C4FF1837B6E1B5A /* IronmeshFileProviderReadService.swift in Sources */,
				1F30F9EE22B86F396DAEA0DF /* IronmeshFileProviderRuntime.swift in Sources */,
				08E716AF213E2FB823592D58 /* IronmeshFileProviderRuntimeSupport.swift in Sources */,
				C6A90019EACA58A228F56027 /* IronmeshFileProviderService.swift in Sources */,
				D769F254880D897FB1A0CDAA /* IronmeshFileProviderSyncRuntime.swift in Sources */,
				61DE2DC4A82685AF6F6554D2 /* IronmeshGalleryModel.swift in Sources */,
				AB81FE36B1A8884EB22E1A2C /* IronmeshGalleryView.swift in Sources */,
				B02D3B50AA4DD0A74EA7EF64 /* IronmeshIdentifierPathCache.swift in Sources */,
				6221144F7C8633273DCB8805 /* IronmeshIosApp.swift in Sources */,
				E5578688033BE7CDB458989B /* IronmeshRustFFIAdapter.swift in Sources */,
				B3F11CA585F799C5462742AF /* IronmeshSyncAnchorCodec.swift in Sources */,
				A8F8240A7C3C6E6CA4DA5EA5 /* IronmeshSyncProfilesView.swift in Sources */,
				9E39367F085BA49D4281F19D /* IronmeshWorkingSetSignalCoordinator.swift in Sources */,
			);
			runOnlyForDeploymentPostprocessing = 0;
		};
		AA61513144DD263788D143B8 /* Sources */ = {
			isa = PBXSourcesBuildPhase;
			buildActionMask = 2147483647;
			files = (
				67D608DE778EEB1DD66BA2CA /* IronmeshFileProviderConflictService.swift in Sources */,
				EE180BC0B8517727ABFA2DA3 /* IronmeshFileProviderConnectionService.swift in Sources */,
				F3F4A05C300CBFB60793B650 /* IronmeshFileProviderEnumerator.swift in Sources */,
				E2BB351D278368B67B1C40F0 /* IronmeshFileProviderExtensionHost.swift in Sources */,
				F9BC2F0979CF91901D8F1CA3 /* IronmeshFileProviderExtensionMutationHost.swift in Sources */,
				A0B22A2A394BE923D17632AD /* IronmeshFileProviderExtensionReadHost.swift in Sources */,
				A7DED56C1664CF0C39FA227C /* IronmeshFileProviderItem.swift in Sources */,
				D32E29BA694DB69090891F2B /* IronmeshFileProviderLookupService.swift in Sources */,
				AA8D440478B23CB57200B604 /* IronmeshFileProviderMutationService.swift in Sources */,
				4F22E831A0BEF874230F1044 /* IronmeshFileProviderReadService.swift in Sources */,
				9937DD5D5A6AEBD58A6F5689 /* IronmeshFileProviderRuntime.swift in Sources */,
				6C13F572A208AD915911CB47 /* IronmeshFileProviderRuntimeSupport.swift in Sources */,
				435D0CA69066D5924C792779 /* IronmeshFileProviderService.swift in Sources */,
				2F0BF924B0A6486D54FC974E /* IronmeshFileProviderSyncRuntime.swift in Sources */,
				1F12A9A2FED5E58DE11EFDDD /* IronmeshIdentifierPathCache.swift in Sources */,
				D802864A3D2DE7B7303E6279 /* IronmeshMacFileProviderExtension.swift in Sources */,
				5AA87421C5EE2962F1348EEC /* IronmeshRustFFIAdapter.swift in Sources */,
				70997E3B270AA2CD91D71B3F /* IronmeshSyncAnchorCodec.swift in Sources */,
				7C3AA36AE5D9679A105E1686 /* IronmeshWorkingSetSignalCoordinator.swift in Sources */,
			);
			runOnlyForDeploymentPostprocessing = 0;
		};
/* End PBXSourcesBuildPhase section */

/* Begin PBXTargetDependency section */
		0405CBEACC0E9D8AE47967BB /* PBXTargetDependency */ = {
			isa = PBXTargetDependency;
			target = 4ED9573DAC30D96830CFD46E /* IronmeshMacApp */;
			targetProxy = 12FA89B442EAB3D62123DB56 /* PBXContainerItemProxy */;
		};
		174603968AB67FEBF8121F2F /* PBXTargetDependency */ = {
			isa = PBXTargetDependency;
			target = AFBE96E8276416130D63E761 /* IronmeshIosFileProviderExtension */;
			targetProxy = A1D6D1ADD166BD2A8C4DBC53 /* PBXContainerItemProxy */;
		};
/* End PBXTargetDependency section */

/* Begin XCBuildConfiguration section */
		0EB76EC6F65AD6952BA57CE7 /* Release */ = {
			isa = XCBuildConfiguration;
			buildSettings = {
				ASSETCATALOG_COMPILER_APPICON_NAME = AppIcon;
				CODE_SIGN_ENTITLEMENTS = Resources/Entitlements/IronmeshSharedAccess.entitlements;
				COMBINE_HIDPI_IMAGES = YES;
				HEADER_SEARCH_PATHS = "$(PROJECT_DIR)/../ios-app/include";
				INFOPLIST_FILE = "Resources/Info/IronmeshMacApp-Info.plist";
				LD_RUNPATH_SEARCH_PATHS = (
					"$(inherited)",
					"@executable_path/../Frameworks",
				);
				LIBRARY_SEARCH_PATHS = "$(PROJECT_DIR)/RustArtifacts/$(PLATFORM_NAME)";
				MACOSX_DEPLOYMENT_TARGET = 14.0;
				OTHER_LDFLAGS = "$(inherited) -lios_app";
				PRODUCT_BUNDLE_IDENTIFIER = dev.ironmesh.apple.macapp;
				SDKROOT = macosx;
				SWIFT_OBJC_BRIDGING_HEADER = "Sources/AppleNativeBridge/IronmeshAppleFFI-Bridging-Header.h";
			};
			name = Release;
		};
		1E854127D07AFEA80F9A3940 /* Release */ = {
			isa = XCBuildConfiguration;
			buildSettings = {
				ASSETCATALOG_COMPILER_APPICON_NAME = AppIcon;
				CODE_SIGNING_ALLOWED = NO;
				CODE_SIGNING_REQUIRED = NO;
				CODE_SIGN_ENTITLEMENTS = Resources/Entitlements/IronmeshSharedAccess.entitlements;
				CODE_SIGN_IDENTITY = "iPhone Developer";
				HEADER_SEARCH_PATHS = "$(PROJECT_DIR)/../ios-app/include";
				INFOPLIST_FILE = "Resources/Info/IronmeshIosApp-Info.plist";
				IPHONEOS_DEPLOYMENT_TARGET = 16.0;
				LD_RUNPATH_SEARCH_PATHS = (
					"$(inherited)",
					"@executable_path/Frameworks",
				);
				LIBRARY_SEARCH_PATHS = "$(PROJECT_DIR)/RustArtifacts/$(PLATFORM_NAME)";
				OTHER_LDFLAGS = "$(inherited) -lios_app -framework Network -framework SystemConfiguration";
				PRODUCT_BUNDLE_IDENTIFIER = dev.ironmesh.apple.iosapp;
				SDKROOT = iphoneos;
				SWIFT_OBJC_BRIDGING_HEADER = "Sources/AppleNativeBridge/IronmeshAppleFFI-Bridging-Header.h";
				TARGETED_DEVICE_FAMILY = "1,2";
			};
			name = Release;
		};
		27B5FC704E87C709C5CA9E2D /* Release */ = {
			isa = XCBuildConfiguration;
			buildSettings = {
				BUNDLE_LOADER = "$(TEST_HOST)";
				CODE_SIGNING_ALLOWED = YES;
				CODE_SIGNING_REQUIRED = YES;
				CODE_SIGN_IDENTITY = "-";
				CODE_SIGN_STYLE = Manual;
				COMBINE_HIDPI_IMAGES = YES;
				INFOPLIST_FILE = "Resources/Info/IronmeshAppleProjectTests-Info.plist";
				LD_RUNPATH_SEARCH_PATHS = (
					"$(inherited)",
					"@executable_path/../Frameworks",
					"@loader_path/../Frameworks",
				);
				MACOSX_DEPLOYMENT_TARGET = 14.0;
				PRODUCT_BUNDLE_IDENTIFIER = dev.ironmesh.apple.tests;
				SDKROOT = macosx;
				TEST_HOST = "$(BUILT_PRODUCTS_DIR)/IronmeshMacApp.app/Contents/MacOS/IronmeshMacApp";
			};
			name = Release;
		};
		3D008F29D5D93CCA2528E436 /* Debug */ = {
			isa = XCBuildConfiguration;
			buildSettings = {
				ASSETCATALOG_COMPILER_APPICON_NAME = AppIcon;
				CODE_SIGNING_ALLOWED = NO;
				CODE_SIGNING_REQUIRED = NO;
				CODE_SIGN_ENTITLEMENTS = Resources/Entitlements/IronmeshSharedAccess.entitlements;
				CODE_SIGN_IDENTITY = "iPhone Developer";
				HEADER_SEARCH_PATHS = "$(PROJECT_DIR)/../ios-app/include";
				INFOPLIST_FILE = "Resources/Info/IronmeshIosApp-Info.plist";
				IPHONEOS_DEPLOYMENT_TARGET = 16.0;
				LD_RUNPATH_SEARCH_PATHS = (
					"$(inherited)",
					"@executable_path/Frameworks",
				);
				LIBRARY_SEARCH_PATHS = "$(PROJECT_DIR)/RustArtifacts/$(PLATFORM_NAME)";
				OTHER_LDFLAGS = "$(inherited) -lios_app -framework Network -framework SystemConfiguration";
				PRODUCT_BUNDLE_IDENTIFIER = dev.ironmesh.apple.iosapp;
				SDKROOT = iphoneos;
				SWIFT_OBJC_BRIDGING_HEADER = "Sources/AppleNativeBridge/IronmeshAppleFFI-Bridging-Header.h";
				TARGETED_DEVICE_FAMILY = "1,2";
			};
			name = Debug;
		};
		3D5F59DE85E1A0FA2586207B /* Debug */ = {
			isa = XCBuildConfiguration;
			buildSettings = {
				BUNDLE_LOADER = "$(TEST_HOST)";
				CODE_SIGNING_ALLOWED = YES;
				CODE_SIGNING_REQUIRED = YES;
				CODE_SIGN_IDENTITY = "-";
				CODE_SIGN_STYLE = Manual;
				COMBINE_HIDPI_IMAGES = YES;
				INFOPLIST_FILE = "Resources/Info/IronmeshAppleProjectTests-Info.plist";
				LD_RUNPATH_SEARCH_PATHS = (
					"$(inherited)",
					"@executable_path/../Frameworks",
					"@loader_path/../Frameworks",
				);
				MACOSX_DEPLOYMENT_TARGET = 14.0;
				PRODUCT_BUNDLE_IDENTIFIER = dev.ironmesh.apple.tests;
				SDKROOT = macosx;
				TEST_HOST = "$(BUILT_PRODUCTS_DIR)/IronmeshMacApp.app/Contents/MacOS/IronmeshMacApp";
			};
			name = Debug;
		};
		3F89A94689BD39F40D176FAD /* Release */ = {
			isa = XCBuildConfiguration;
			buildSettings = {
				ALWAYS_SEARCH_USER_PATHS = NO;
				CLANG_ANALYZER_NONNULL = YES;
				CLANG_ANALYZER_NUMBER_OBJECT_CONVERSION = YES_AGGRESSIVE;
				CLANG_CXX_LANGUAGE_STANDARD = "gnu++14";
				CLANG_CXX_LIBRARY = "libc++";
				CLANG_ENABLE_MODULES = YES;
				CLANG_ENABLE_OBJC_ARC = YES;
				CLANG_ENABLE_OBJC_WEAK = YES;
				CLANG_WARN_BLOCK_CAPTURE_AUTORELEASING = YES;
				CLANG_WARN_BOOL_CONVERSION = YES;
				CLANG_WARN_COMMA = YES;
				CLANG_WARN_CONSTANT_CONVERSION = YES;
				CLANG_WARN_DEPRECATED_OBJC_IMPLEMENTATIONS = YES;
				CLANG_WARN_DIRECT_OBJC_ISA_USAGE = YES_ERROR;
				CLANG_WARN_DOCUMENTATION_COMMENTS = YES;
				CLANG_WARN_EMPTY_BODY = YES;
				CLANG_WARN_ENUM_CONVERSION = YES;
				CLANG_WARN_INFINITE_RECURSION = YES;
				CLANG_WARN_INT_CONVERSION = YES;
				CLANG_WARN_NON_LITERAL_NULL_CONVERSION = YES;
				CLANG_WARN_OBJC_IMPLICIT_RETAIN_SELF = YES;
				CLANG_WARN_OBJC_LITERAL_CONVERSION = YES;
				CLANG_WARN_OBJC_ROOT_CLASS = YES_ERROR;
				CLANG_WARN_QUOTED_INCLUDE_IN_FRAMEWORK_HEADER = YES;
				CLANG_WARN_RANGE_LOOP_ANALYSIS = YES;
				CLANG_WARN_STRICT_PROTOTYPES = YES;
				CLANG_WARN_SUSPICIOUS_MOVE = YES;
				CLANG_WARN_UNGUARDED_AVAILABILITY = YES_AGGRESSIVE;
				CLANG_WARN_UNREACHABLE_CODE = YES;
				CLANG_WARN__DUPLICATE_METHOD_MATCH = YES;
				CODE_SIGNING_ALLOWED = NO;
				CODE_SIGNING_REQUIRED = NO;
				CODE_SIGN_STYLE = Automatic;
				COPY_PHASE_STRIP = NO;
				DEBUG_INFORMATION_FORMAT = "dwarf-with-dsym";
				DEVELOPMENT_TEAM = "";
				ENABLE_NS_ASSERTIONS = NO;
				ENABLE_STRICT_OBJC_MSGSEND = YES;
				ENABLE_USER_SCRIPT_SANDBOXING = NO;
				"EXCLUDED_ARCHS[sdk=iphonesimulator*]" = x86_64;
				GCC_C_LANGUAGE_STANDARD = gnu11;
				GCC_NO_COMMON_BLOCKS = YES;
				GCC_WARN_64_TO_32_BIT_CONVERSION = YES;
				GCC_WARN_ABOUT_RETURN_TYPE = YES_ERROR;
				GCC_WARN_UNDECLARED_SELECTOR = YES;
				GCC_WARN_UNINITIALIZED_AUTOS = YES_AGGRESSIVE;
				GCC_WARN_UNUSED_FUNCTION = YES;
				GCC_WARN_UNUSED_VARIABLE = YES;
				MTL_ENABLE_DEBUG_INFO = NO;
				MTL_FAST_MATH = YES;
				ONLY_ACTIVE_ARCH = YES;
				PRODUCT_NAME = "$(TARGET_NAME)";
				SWIFT_COMPILATION_MODE = wholemodule;
				SWIFT_OPTIMIZATION_LEVEL = "-O";
				SWIFT_VERSION = 6.1;
			};
			name = Release;
		};
		42E7C2F9C9F584AB7AF5D179 /* Debug */ = {
			isa = XCBuildConfiguration;
			buildSettings = {
				BUNDLE_LOADER = "";
				CODE_SIGNING_ALLOWED = NO;
				CODE_SIGNING_REQUIRED = NO;
				INFOPLIST_FILE = "Resources/Info/IronmeshIosProjectTests-Info.plist";
				IPHONEOS_DEPLOYMENT_TARGET = 16.0;
				LD_RUNPATH_SEARCH_PATHS = (
					"$(inherited)",
					"@executable_path/Frameworks",
					"@loader_path/Frameworks",
				);
				PRODUCT_BUNDLE_IDENTIFIER = dev.ironmesh.apple.ios.tests;
				SDKROOT = iphoneos;
				TARGETED_DEVICE_FAMILY = "1,2";
				TEST_HOST = "";
			};
			name = Debug;
		};
		438673375255170381B484EA /* Debug */ = {
			isa = XCBuildConfiguration;
			buildSettings = {
				CODE_SIGN_ENTITLEMENTS = Resources/Entitlements/IronmeshSharedAccess.entitlements;
				COMBINE_HIDPI_IMAGES = YES;
				HEADER_SEARCH_PATHS = "$(PROJECT_DIR)/../ios-app/include";
				INFOPLIST_FILE = "Resources/Info/IronmeshMacFileProviderExtension-Info.plist";
				LD_RUNPATH_SEARCH_PATHS = (
					"$(inherited)",
					"@executable_path/../Frameworks",
					"@executable_path/../../../../Frameworks",
				);
				LIBRARY_SEARCH_PATHS = "$(PROJECT_DIR)/RustArtifacts/$(PLATFORM_NAME)";
				MACOSX_DEPLOYMENT_TARGET = 14.0;
				OTHER_LDFLAGS = "$(inherited) -lios_app";
				PRODUCT_BUNDLE_IDENTIFIER = dev.ironmesh.apple.macfileprovider;
				SDKROOT = macosx;
				SWIFT_OBJC_BRIDGING_HEADER = "Sources/AppleNativeBridge/IronmeshAppleFFI-Bridging-Header.h";
			};
			name = Debug;
		};
		56B86372DF7B4513C95FC4F4 /* Release */ = {
			isa = XCBuildConfiguration;
			buildSettings = {
				BUNDLE_LOADER = "";
				CODE_SIGNING_ALLOWED = NO;
				CODE_SIGNING_REQUIRED = NO;
				INFOPLIST_FILE = "Resources/Info/IronmeshIosProjectTests-Info.plist";
				IPHONEOS_DEPLOYMENT_TARGET = 16.0;
				LD_RUNPATH_SEARCH_PATHS = (
					"$(inherited)",
					"@executable_path/Frameworks",
					"@loader_path/Frameworks",
				);
				PRODUCT_BUNDLE_IDENTIFIER = dev.ironmesh.apple.ios.tests;
				SDKROOT = iphoneos;
				TARGETED_DEVICE_FAMILY = "1,2";
				TEST_HOST = "";
			};
			name = Release;
		};
		6033E1896FB578470A8455DE /* Debug */ = {
			isa = XCBuildConfiguration;
			buildSettings = {
				ALWAYS_SEARCH_USER_PATHS = NO;
				CLANG_ANALYZER_NONNULL = YES;
				CLANG_ANALYZER_NUMBER_OBJECT_CONVERSION = YES_AGGRESSIVE;
				CLANG_CXX_LANGUAGE_STANDARD = "gnu++14";
				CLANG_CXX_LIBRARY = "libc++";
				CLANG_ENABLE_MODULES = YES;
				CLANG_ENABLE_OBJC_ARC = YES;
				CLANG_ENABLE_OBJC_WEAK = YES;
				CLANG_WARN_BLOCK_CAPTURE_AUTORELEASING = YES;
				CLANG_WARN_BOOL_CONVERSION = YES;
				CLANG_WARN_COMMA = YES;
				CLANG_WARN_CONSTANT_CONVERSION = YES;
				CLANG_WARN_DEPRECATED_OBJC_IMPLEMENTATIONS = YES;
				CLANG_WARN_DIRECT_OBJC_ISA_USAGE = YES_ERROR;
				CLANG_WARN_DOCUMENTATION_COMMENTS = YES;
				CLANG_WARN_EMPTY_BODY = YES;
				CLANG_WARN_ENUM_CONVERSION = YES;
				CLANG_WARN_INFINITE_RECURSION = YES;
				CLANG_WARN_INT_CONVERSION = YES;
				CLANG_WARN_NON_LITERAL_NULL_CONVERSION = YES;
				CLANG_WARN_OBJC_IMPLICIT_RETAIN_SELF = YES;
				CLANG_WARN_OBJC_LITERAL_CONVERSION = YES;
				CLANG_WARN_OBJC_ROOT_CLASS = YES_ERROR;
				CLANG_WARN_QUOTED_INCLUDE_IN_FRAMEWORK_HEADER = YES;
				CLANG_WARN_RANGE_LOOP_ANALYSIS = YES;
				CLANG_WARN_STRICT_PROTOTYPES = YES;
				CLANG_WARN_SUSPICIOUS_MOVE = YES;
				CLANG_WARN_UNGUARDED_AVAILABILITY = YES_AGGRESSIVE;
				CLANG_WARN_UNREACHABLE_CODE = YES;
				CLANG_WARN__DUPLICATE_METHOD_MATCH = YES;
				CODE_SIGNING_ALLOWED = NO;
				CODE_SIGNING_REQUIRED = NO;
				CODE_SIGN_STYLE = Automatic;
				COPY_PHASE_STRIP = NO;
				DEBUG_INFORMATION_FORMAT = dwarf;
				DEVELOPMENT_TEAM = "";
				ENABLE_STRICT_OBJC_MSGSEND = YES;
				ENABLE_TESTABILITY = YES;
				ENABLE_USER_SCRIPT_SANDBOXING = NO;
				"EXCLUDED_ARCHS[sdk=iphonesimulator*]" = x86_64;
				GCC_C_LANGUAGE_STANDARD = gnu11;
				GCC_DYNAMIC_NO_PIC = NO;
				GCC_NO_COMMON_BLOCKS = YES;
				GCC_OPTIMIZATION_LEVEL = 0;
				GCC_PREPROCESSOR_DEFINITIONS = (
					"$(inherited)",
					"DEBUG=1",
				);
				GCC_WARN_64_TO_32_BIT_CONVERSION = YES;
				GCC_WARN_ABOUT_RETURN_TYPE = YES_ERROR;
				GCC_WARN_UNDECLARED_SELECTOR = YES;
				GCC_WARN_UNINITIALIZED_AUTOS = YES_AGGRESSIVE;
				GCC_WARN_UNUSED_FUNCTION = YES;
				GCC_WARN_UNUSED_VARIABLE = YES;
				MTL_ENABLE_DEBUG_INFO = INCLUDE_SOURCE;
				MTL_FAST_MATH = YES;
				ONLY_ACTIVE_ARCH = YES;
				PRODUCT_NAME = "$(TARGET_NAME)";
				SWIFT_ACTIVE_COMPILATION_CONDITIONS = DEBUG;
				SWIFT_OPTIMIZATION_LEVEL = "-Onone";
				SWIFT_VERSION = 6.1;
			};
			name = Debug;
		};
		737FE5F6A626C093F8737FED /* Release */ = {
			isa = XCBuildConfiguration;
			buildSettings = {
				CODE_SIGNING_ALLOWED = NO;
				CODE_SIGNING_REQUIRED = NO;
				CODE_SIGN_ENTITLEMENTS = Resources/Entitlements/IronmeshSharedAccess.entitlements;
				HEADER_SEARCH_PATHS = "$(PROJECT_DIR)/../ios-app/include";
				INFOPLIST_FILE = "Resources/Info/IronmeshIosFileProviderExtension-Info.plist";
				IPHONEOS_DEPLOYMENT_TARGET = 16.0;
				LD_RUNPATH_SEARCH_PATHS = (
					"$(inherited)",
					"@executable_path/Frameworks",
					"@executable_path/../../Frameworks",
				);
				LIBRARY_SEARCH_PATHS = "$(PROJECT_DIR)/RustArtifacts/$(PLATFORM_NAME)";
				OTHER_LDFLAGS = "$(inherited) -lios_app -framework Network -framework SystemConfiguration";
				PRODUCT_BUNDLE_IDENTIFIER = dev.ironmesh.apple.iosapp.fileprovider;
				SDKROOT = iphoneos;
				SWIFT_OBJC_BRIDGING_HEADER = "Sources/AppleNativeBridge/IronmeshAppleFFI-Bridging-Header.h";
				TARGETED_DEVICE_FAMILY = "1,2";
			};
			name = Release;
		};
		A8F036FECE2D5E82FED161A1 /* Debug */ = {
			isa = XCBuildConfiguration;
			buildSettings = {
				ASSETCATALOG_COMPILER_APPICON_NAME = AppIcon;
				CODE_SIGN_ENTITLEMENTS = Resources/Entitlements/IronmeshSharedAccess.entitlements;
				COMBINE_HIDPI_IMAGES = YES;
				HEADER_SEARCH_PATHS = "$(PROJECT_DIR)/../ios-app/include";
				INFOPLIST_FILE = "Resources/Info/IronmeshMacApp-Info.plist";
				LD_RUNPATH_SEARCH_PATHS = (
					"$(inherited)",
					"@executable_path/../Frameworks",
				);
				LIBRARY_SEARCH_PATHS = "$(PROJECT_DIR)/RustArtifacts/$(PLATFORM_NAME)";
				MACOSX_DEPLOYMENT_TARGET = 14.0;
				OTHER_LDFLAGS = "$(inherited) -lios_app";
				PRODUCT_BUNDLE_IDENTIFIER = dev.ironmesh.apple.macapp;
				SDKROOT = macosx;
				SWIFT_OBJC_BRIDGING_HEADER = "Sources/AppleNativeBridge/IronmeshAppleFFI-Bridging-Header.h";
			};
			name = Debug;
		};
		C8D904EEB4580E12BF4D2C45 /* Release */ = {
			isa = XCBuildConfiguration;
			buildSettings = {
				CODE_SIGN_ENTITLEMENTS = Resources/Entitlements/IronmeshSharedAccess.entitlements;
				COMBINE_HIDPI_IMAGES = YES;
				HEADER_SEARCH_PATHS = "$(PROJECT_DIR)/../ios-app/include";
				INFOPLIST_FILE = "Resources/Info/IronmeshMacFileProviderExtension-Info.plist";
				LD_RUNPATH_SEARCH_PATHS = (
					"$(inherited)",
					"@executable_path/../Frameworks",
					"@executable_path/../../../../Frameworks",
				);
				LIBRARY_SEARCH_PATHS = "$(PROJECT_DIR)/RustArtifacts/$(PLATFORM_NAME)";
				MACOSX_DEPLOYMENT_TARGET = 14.0;
				OTHER_LDFLAGS = "$(inherited) -lios_app";
				PRODUCT_BUNDLE_IDENTIFIER = dev.ironmesh.apple.macfileprovider;
				SDKROOT = macosx;
				SWIFT_OBJC_BRIDGING_HEADER = "Sources/AppleNativeBridge/IronmeshAppleFFI-Bridging-Header.h";
			};
			name = Release;
		};
		E1F1AC4E121D72EC14CCAE94 /* Debug */ = {
			isa = XCBuildConfiguration;
			buildSettings = {
				CODE_SIGNING_ALLOWED = NO;
				CODE_SIGNING_REQUIRED = NO;
				CODE_SIGN_ENTITLEMENTS = Resources/Entitlements/IronmeshSharedAccess.entitlements;
				HEADER_SEARCH_PATHS = "$(PROJECT_DIR)/../ios-app/include";
				INFOPLIST_FILE = "Resources/Info/IronmeshIosFileProviderExtension-Info.plist";
				IPHONEOS_DEPLOYMENT_TARGET = 16.0;
				LD_RUNPATH_SEARCH_PATHS = (
					"$(inherited)",
					"@executable_path/Frameworks",
					"@executable_path/../../Frameworks",
				);
				LIBRARY_SEARCH_PATHS = "$(PROJECT_DIR)/RustArtifacts/$(PLATFORM_NAME)";
				OTHER_LDFLAGS = "$(inherited) -lios_app -framework Network -framework SystemConfiguration";
				PRODUCT_BUNDLE_IDENTIFIER = dev.ironmesh.apple.iosapp.fileprovider;
				SDKROOT = iphoneos;
				SWIFT_OBJC_BRIDGING_HEADER = "Sources/AppleNativeBridge/IronmeshAppleFFI-Bridging-Header.h";
				TARGETED_DEVICE_FAMILY = "1,2";
			};
			name = Debug;
		};
/* End XCBuildConfiguration section */

/* Begin XCConfigurationList section */
		0D6926F0D9DE65A8CCA52573 /* Build configuration list for PBXNativeTarget "IronmeshAppleProjectTests" */ = {
			isa = XCConfigurationList;
			buildConfigurations = (
				3D5F59DE85E1A0FA2586207B /* Debug */,
				27B5FC704E87C709C5CA9E2D /* Release */,
			);
			defaultConfigurationIsVisible = 0;
			defaultConfigurationName = Debug;
		};
		104BE8BA6F2038EAC9F3037F /* Build configuration list for PBXNativeTarget "IronmeshIosProjectTests" */ = {
			isa = XCConfigurationList;
			buildConfigurations = (
				42E7C2F9C9F584AB7AF5D179 /* Debug */,
				56B86372DF7B4513C95FC4F4 /* Release */,
			);
			defaultConfigurationIsVisible = 0;
			defaultConfigurationName = Debug;
		};
		2F5A3721F5889FCF397CF835 /* Build configuration list for PBXNativeTarget "IronmeshMacFileProviderExtension" */ = {
			isa = XCConfigurationList;
			buildConfigurations = (
				438673375255170381B484EA /* Debug */,
				C8D904EEB4580E12BF4D2C45 /* Release */,
			);
			defaultConfigurationIsVisible = 0;
			defaultConfigurationName = Debug;
		};
		64FCC4EEC5FE5632A56E5538 /* Build configuration list for PBXNativeTarget "IronmeshIosApp" */ = {
			isa = XCConfigurationList;
			buildConfigurations = (
				3D008F29D5D93CCA2528E436 /* Debug */,
				1E854127D07AFEA80F9A3940 /* Release */,
			);
			defaultConfigurationIsVisible = 0;
			defaultConfigurationName = Debug;
		};
		6613AEA48C03748C70AA88AD /* Build configuration list for PBXNativeTarget "IronmeshIosFileProviderExtension" */ = {
			isa = XCConfigurationList;
			buildConfigurations = (
				E1F1AC4E121D72EC14CCAE94 /* Debug */,
				737FE5F6A626C093F8737FED /* Release */,
			);
			defaultConfigurationIsVisible = 0;
			defaultConfigurationName = Debug;
		};
		76727E7C888A54996E335170 /* Build configuration list for PBXProject "IronmeshAppleFileProvider" */ = {
			isa = XCConfigurationList;
			buildConfigurations = (
				6033E1896FB578470A8455DE /* Debug */,
				3F89A94689BD39F40D176FAD /* Release */,
			);
			defaultConfigurationIsVisible = 0;
			defaultConfigurationName = Debug;
		};
		8C92952F62EC44217705EF5E /* Build configuration list for PBXNativeTarget "IronmeshMacApp" */ = {
			isa = XCConfigurationList;
			buildConfigurations = (
				A8F036FECE2D5E82FED161A1 /* Debug */,
				0EB76EC6F65AD6952BA57CE7 /* Release */,
			);
			defaultConfigurationIsVisible = 0;
			defaultConfigurationName = Debug;
		};
/* End XCConfigurationList section */

/* Begin XCLocalSwiftPackageReference section */
		37157AA1007E5B83DF70C1B5 /* XCLocalSwiftPackageReference "." */ = {
			isa = XCLocalSwiftPackageReference;
			relativePath = .;
		};
/* End XCLocalSwiftPackageReference section */

/* Begin XCSwiftPackageProductDependency section */
		036A193B5DAC68469095CE5A /* AppleCore */ = {
			isa = XCSwiftPackageProductDependency;
			productName = AppleCore;
		};
		27724ACE6FAA8F9BBB92D194 /* AppleFileProviderShared */ = {
			isa = XCSwiftPackageProductDependency;
			productName = AppleFileProviderShared;
		};
		3B0EAA0A0E8449F387555CF7 /* AppleCore */ = {
			isa = XCSwiftPackageProductDependency;
			productName = AppleCore;
		};
		4CADBC90D590EDBD274936BB /* AppleFileProviderShared */ = {
			isa = XCSwiftPackageProductDependency;
			productName = AppleFileProviderShared;
		};
		4FCEFD47F4EBD2FDE8D48497 /* AppleCore */ = {
			isa = XCSwiftPackageProductDependency;
			productName = AppleCore;
		};
		5EB1E57AE3FC7EA54C1477E3 /* AppleCore */ = {
			isa = XCSwiftPackageProductDependency;
			productName = AppleCore;
		};
		610C745899D565B8093E9493 /* AppleCore */ = {
			isa = XCSwiftPackageProductDependency;
			productName = AppleCore;
		};
		648AE487A41AA72E53A73C09 /* AppleFileProviderShared */ = {
			isa = XCSwiftPackageProductDependency;
			productName = AppleFileProviderShared;
		};
		87FF1F26324D7E04DF57D36E /* AppleFileProviderShared */ = {
			isa = XCSwiftPackageProductDependency;
			productName = AppleFileProviderShared;
		};
		D3D93B20FE0A9294021D714C /* AppleFileProviderShared */ = {
			isa = XCSwiftPackageProductDependency;
			productName = AppleFileProviderShared;
		};
		D4758290C2F46CB307E07F32 /* AppleCore */ = {
			isa = XCSwiftPackageProductDependency;
			productName = AppleCore;
		};
		F0BA5FE65065A174670816F1 /* AppleFileProviderShared */ = {
			isa = XCSwiftPackageProductDependency;
			productName = AppleFileProviderShared;
		};
/* End XCSwiftPackageProductDependency section */
	};
	rootObject = EF0C3BABBB66E445EE36D4B9 /* Project object */;
}
